{
  "version": 4,
  "terraform_version": "1.7.0",
  "serial": 56,
  "lineage": "15e78fe3-b66d-76e2-7666-ed54e45e3e25",
  "outputs": {
    "subnet_id": {
      "value": [
        "subnet-0128ddff7378cb2e5",
        "subnet-0fa8e786ac502097d",
        "subnet-0ef83e8c17e1e2abc",
        "subnet-03242843f05c72255",
        "subnet-0a7bbb6baa9310b11",
        "subnet-0f1d12010eaffae52"
      ],
      "type": [
        "list",
        "string"
      ]
    }
  },
  "resources": [
    {
      "mode": "data",
      "type": "aws_security_groups",
      "name": "this",
      "provider": "provider[\"registry.terraform.io/hashicorp/aws\"]",
      "instances": [
        {
          "schema_version": 0,
          "attributes": {
            "arns": [
              "arn:aws:ec2:ap-southeast-1:891377256846:security-group/sg-0e110734af90a7b8f",
              "arn:aws:ec2:ap-southeast-1:891377256846:security-group/sg-059962da8d5463b26"
            ],
            "filter": [
              {
                "name": "vpc-id",
                "values": [
                  "vpc-0211fa383b4de3a2d"
                ]
              }
            ],
            "id": "ap-southeast-1",
            "ids": [
              "sg-0e110734af90a7b8f",
              "sg-059962da8d5463b26"
            ],
            "tags": null,
            "timeouts": null,
            "vpc_ids": [
              "vpc-0211fa383b4de3a2d",
              "vpc-0211fa383b4de3a2d"
            ]
          },
          "sensitive_attributes": []
        }
      ]
    },
    {
      "mode": "data",
      "type": "aws_subnets",
      "name": "this",
      "provider": "provider[\"registry.terraform.io/hashicorp/aws\"]",
      "instances": [
        {
          "schema_version": 0,
          "attributes": {
            "filter": [
              {
                "name": "vpc-id",
                "values": [
                  "vpc-0211fa383b4de3a2d"
                ]
              }
            ],
            "id": "ap-southeast-1",
            "ids": [
              "subnet-0128ddff7378cb2e5",
              "subnet-0fa8e786ac502097d",
              "subnet-0ef83e8c17e1e2abc",
              "subnet-03242843f05c72255",
              "subnet-0a7bbb6baa9310b11",
              "subnet-0f1d12010eaffae52"
            ],
            "tags": null,
            "timeouts": null
          },
          "sensitive_attributes": []
        }
      ]
    },
    {
      "module": "module.db_instance",
      "mode": "managed",
      "type": "aws_db_instance",
      "name": "this",
      "provider": "provider[\"registry.terraform.io/hashicorp/aws\"]",
      "instances": [
        {
          "schema_version": 2,
          "attributes": {
            "address": "terraform-rds-mysl.cl0kgu2emn2p.ap-southeast-1.rds.amazonaws.com",
            "allocated_storage": 10,
            "allow_major_version_upgrade": null,
            "apply_immediately": false,
            "arn": "arn:aws:rds:ap-southeast-1:891377256846:db:terraform-rds-mysl",
            "auto_minor_version_upgrade": true,
            "availability_zone": "ap-southeast-1c",
            "backup_retention_period": 0,
            "backup_target": "region",
            "backup_window": "16:53-17:23",
            "blue_green_update": [],
            "ca_cert_identifier": "rds-ca-rsa2048-g1",
            "character_set_name": "",
            "copy_tags_to_snapshot": false,
            "custom_iam_instance_profile": "",
            "customer_owned_ip_enabled": false,
            "db_name": "test",
            "db_subnet_group_name": "terraform-subnet-group",
            "dedicated_log_volume": false,
            "delete_automated_backups": true,
            "deletion_protection": false,
            "domain": "",
            "domain_auth_secret_arn": "",
            "domain_dns_ips": null,
            "domain_fqdn": "",
            "domain_iam_role_name": "",
            "domain_ou": "",
            "enabled_cloudwatch_logs_exports": null,
            "endpoint": "terraform-rds-mysl.cl0kgu2emn2p.ap-southeast-1.rds.amazonaws.com:3306",
            "engine": "mysql",
            "engine_version": "8.0",
            "engine_version_actual": "8.0.35",
            "final_snapshot_identifier": null,
            "hosted_zone_id": "Z2G0U3KFCY8NZ5",
            "iam_database_authentication_enabled": false,
            "id": "db-NZNIG23NDWQUHZ3ZY2IOHRAPAY",
            "identifier": "terraform-rds-mysl",
            "identifier_prefix": "",
            "instance_class": "db.t3.micro",
            "iops": 0,
            "kms_key_id": "",
            "latest_restorable_time": "",
            "license_model": "general-public-license",
            "listener_endpoint": [],
            "maintenance_window": "sat:20:45-sat:21:15",
            "manage_master_user_password": null,
            "master_user_secret": [],
            "master_user_secret_kms_key_id": null,
            "max_allocated_storage": 0,
            "monitoring_interval": 0,
            "monitoring_role_arn": "",
            "multi_az": false,
            "nchar_character_set_name": "",
            "network_type": "IPV4",
            "option_group_name": "default:mysql-8-0",
            "parameter_group_name": "marvin-params",
            "password": "S31D23dwWM",
            "performance_insights_enabled": false,
            "performance_insights_kms_key_id": "",
            "performance_insights_retention_period": 0,
            "port": 3306,
            "publicly_accessible": false,
            "replica_mode": "",
            "replicas": [],
            "replicate_source_db": "",
            "resource_id": "db-NZNIG23NDWQUHZ3ZY2IOHRAPAY",
            "restore_to_point_in_time": [],
            "s3_import": [],
            "skip_final_snapshot": true,
            "snapshot_identifier": null,
            "status": "available",
            "storage_encrypted": false,
            "storage_throughput": 0,
            "storage_type": "gp2",
            "tags": null,
            "tags_all": {},
            "timeouts": null,
            "timezone": "",
            "username": "test_user",
            "vpc_security_group_ids": [
              "sg-059962da8d5463b26",
              "sg-0e110734af90a7b8f"
            ]
          },
          "sensitive_attributes": [],
          "private": "eyJlMmJmYjczMC1lY2FhLTExZTYtOGY4OC0zNDM2M2JjN2M0YzAiOnsiY3JlYXRlIjoyNDAwMDAwMDAwMDAwLCJkZWxldGUiOjM2MDAwMDAwMDAwMDAsInVwZGF0ZSI6NDgwMDAwMDAwMDAwMH0sInNjaGVtYV92ZXJzaW9uIjoiMiJ9",
          "dependencies": [
            "data.aws_security_groups.this",
            "data.aws_subnets.this",
            "module.parameter_group.aws_db_parameter_group.this",
            "module.subnet_group.aws_db_subnet_group.this"
          ]
        }
      ]
    },
    {
      "module": "module.parameter_group",
      "mode": "managed",
      "type": "aws_db_parameter_group",
      "name": "this",
      "provider": "provider[\"registry.terraform.io/hashicorp/aws\"]",
      "instances": [
        {
          "schema_version": 0,
          "attributes": {
            "arn": "arn:aws:rds:ap-southeast-1:891377256846:pg:marvin-params",
            "description": "Managed by Terraform",
            "family": "mysql8.0",
            "id": "marvin-params",
            "name": "marvin-params",
            "name_prefix": null,
            "parameter": [
              {
                "apply_method": "immediate",
                "name": "innodb_buffer_pool_size",
                "value": "268435456"
              },
              {
                "apply_method": "immediate",
                "name": "max_connections",
                "value": "200"
              }
            ],
            "tags": null,
            "tags_all": {}
          },
          "sensitive_attributes": [],
          "private": "bnVsbA=="
        }
      ]
    },
    {
      "module": "module.subnet_group",
      "mode": "managed",
      "type": "aws_db_subnet_group",
      "name": "this",
      "provider": "provider[\"registry.terraform.io/hashicorp/aws\"]",
      "instances": [
        {
          "schema_version": 0,
          "attributes": {
            "arn": "arn:aws:rds:ap-southeast-1:891377256846:subgrp:terraform-subnet-group",
            "description": "Managed by Terraform",
            "id": "terraform-subnet-group",
            "name": "terraform-subnet-group",
            "name_prefix": "",
            "subnet_ids": [
              "subnet-0128ddff7378cb2e5",
              "subnet-03242843f05c72255",
              "subnet-0a7bbb6baa9310b11",
              "subnet-0ef83e8c17e1e2abc",
              "subnet-0f1d12010eaffae52",
              "subnet-0fa8e786ac502097d"
            ],
            "supported_network_types": [
              "IPV4"
            ],
            "tags": {
              "Name": ""
            },
            "tags_all": {
              "Name": ""
            },
            "vpc_id": "vpc-0211fa383b4de3a2d"
          },
          "sensitive_attributes": [],
          "private": "bnVsbA==",
          "dependencies": [
            "data.aws_subnets.this"
          ]
        }
      ]
    }
  ],
  "check_results": null
}
