{
  "version": 4,
  "terraform_version": "1.7.0",
  "serial": 7,
  "lineage": "6af4704f-0f13-32f0-6075-a41b06634184",
  "outputs": {},
  "resources": [
    {
      "module": "module.rsi-corp-td",
      "mode": "managed",
      "type": "aws_ecs_task_definition",
      "name": "this",
      "provider": "provider[\"registry.terraform.io/hashicorp/aws\"]",
      "instances": [
        {
          "schema_version": 1,
          "attributes": {
            "arn": "arn:aws:ecs:ap-southeast-1:891377256846:task-definition/rsi-corp-service:1",
            "arn_without_revision": "arn:aws:ecs:ap-southeast-1:891377256846:task-definition/rsi-corp-service",
            "container_definitions": "[{\"cpu\":1024,\"environment\":[],\"environmentFiles\":[{\"type\":\"s3\",\"value\":\"arn:aws:s3:::spdr88-higher/.env\"}],\"essential\":true,\"image\":\"104869295404.dkr.ecr.ap-southeast-1.amazonaws.com/obsidian:prod\",\"mountPoints\":[],\"name\":\"spdr88-app\",\"portMappings\":[{\"appProtocol\":\"http\",\"containerPort\":8080,\"hostPort\":8080,\"name\":\"spdr88-app-8080-tcp\",\"protocol\":\"tcp\"}],\"systemControls\":[],\"ulimits\":[],\"volumesFrom\":[],\"workingDirectory\":\"/var/www/html\"}]",
            "cpu": "1024",
            "ephemeral_storage": [],
            "execution_role_arn": "arn:aws:iam::891377256846:role/ECSTaskExecutionRole",
            "family": "rsi-corp-service",
            "id": "rsi-corp-service",
            "inference_accelerator": [],
            "ipc_mode": "",
            "memory": "512",
            "network_mode": "bridge",
            "pid_mode": "",
            "placement_constraints": [],
            "proxy_configuration": [],
            "requires_compatibilities": [
              "EC2"
            ],
            "revision": 1,
            "runtime_platform": [],
            "skip_destroy": false,
            "tags": null,
            "tags_all": {},
            "task_role_arn": "",
            "track_latest": false,
            "volume": []
          },
          "sensitive_attributes": [],
          "private": "eyJzY2hlbWFfdmVyc2lvbiI6IjEifQ=="
        }
      ]
    }
  ],
  "check_results": null
}
