{
  "version": 4,
  "terraform_version": "1.9.8",
  "serial": 37,
  "lineage": "1c1b9f9c-1af7-5c0a-1cec-abb36e70b932",
  "outputs": {},
  "resources": [
    {
      "mode": "data",
      "type": "aws_caller_identity",
      "name": "this",
      "provider": "provider[\"registry.terraform.io/hashicorp/aws\"]",
      "instances": [
        {
          "schema_version": 0,
          "attributes": {
            "account_id": "408897322877",
            "arn": "arn:aws:sts::408897322877:assumed-role/AWSReservedSSO_AdministratorAccess_8504384a22372484/marvin@xctuality.com",
            "id": "408897322877",
            "user_id": "AROAV6NBN7566IC56ZO4A:marvin@xctuality.com"
          },
          "sensitive_attributes": []
        }
      ]
    },
    {
      "mode": "data",
      "type": "aws_eks_cluster",
      "name": "this",
      "provider": "provider[\"registry.terraform.io/hashicorp/aws\"]",
      "instances": [
        {
          "schema_version": 0,
          "attributes": {
            "access_config": [
              {
                "authentication_mode": "API",
                "bootstrap_cluster_creator_admin_permissions": true
              }
            ],
            "arn": "arn:aws:eks:ap-southeast-1:408897322877:cluster/xct-higher-eks",
            "certificate_authority": [
              {
                "data": "LS0tLS1CRUdJTiBDRVJUSUZJQ0FURS0tLS0tCk1JSURCVENDQWUyZ0F3SUJBZ0lJVXZsOW40MC9Cdzh3RFFZSktvWklodmNOQVFFTEJRQXdGVEVUTUJFR0ExVUUKQXhNS2EzVmlaWEp1WlhSbGN6QWVGdzB5TlRBMk1EY3hNakUwTkRGYUZ3MHpOVEEyTURVeE1qRTVOREZhTUJVeApFekFSQmdOVkJBTVRDbXQxWW1WeWJtVjBaWE13Z2dFaU1BMEdDU3FHU0liM0RRRUJBUVVBQTRJQkR3QXdnZ0VLCkFvSUJBUUROY1hVYUExTkRHYnZsTnBleHVrNnJ2cmM1K2p6MkovbW9FMktSbzN3Q3VzUHI2eWE4Y3Yva2VCY1kKSVlZbTRjNmZZZEpTODE2dXJuQXJldENUWjhZL2w4V09hcFRYanI3Y2VhUm5NN25WS1dyZTRWbTU1bGErZktLRQpEdUNrcDBQekRBWUdKekZ0cHFrUUFGcEU0dDlIVnkwdW1nMzBCTzVnbG53V3V3UGhESS81eVpvVElENFFJSjdDCkdWNEpqVk1jQitEWG9DRmJUQkxxYUo0S2FiTEtLVkhIZlcrckhWd0dWckI2a2V0YWRmZ1pRVEhHRFBCZ016SUIKK3d3REY2R04ydU9Lckh6aEJ2bWQwcVRhOXFqZUc5UStDS0RhQ25pbDJuUkFvRXBJU3JyMVNRQ0pvaWFiemxwMgpZMldXZnk0Ym1HVGZ3dlUweUJYWmZrRk1qWjUvQWdNQkFBR2pXVEJYTUE0R0ExVWREd0VCL3dRRUF3SUNwREFQCkJnTlZIUk1CQWY4RUJUQURBUUgvTUIwR0ExVWREZ1FXQkJUY0tpQkgyMDBFQ1grVTgvNlhHVnlVSFdtYTlqQVYKQmdOVkhSRUVEakFNZ2dwcmRXSmxjbTVsZEdWek1BMEdDU3FHU0liM0RRRUJDd1VBQTRJQkFRQVVHMHY3azl0TgpwK0FMY0wwQlBhNVE1OUFwdGwwQUdFblM1dnJaQUk1dmlTMUVlNEVyMitnZ1pmTzZQRERJNko2RHdmN25BQUlMCmloNGt2aVFYTHRxUVJabjA2Nkl6ZUZvRysrRXFqbFRVUkdkTTVqSXZ3SFFIMVZxTkdBbytBa3lNemoxeGhtdHQKZERwd0lyeGZhTW0rNEVDVkthQnFRK2w2Z1FYeE5GNDhFTXdmaHdHbTlhY2lUdFJ2aGpnUldKU1k0TTV0aXFKMQo4SDVHb2Q3NjBnNkdtTHZVWnd0VCtFTkx2elkrUFlhNXpQRXVxRXNVWUhYMHkrbk5CRldrSnREQWEzODk0eDJDCnpRNHRVVmtQMGhiN1VRZXhNSitxZ0wrUW8wOHFEWEFQeWlSNHFjelI3Mnd0SzB4c2VOVE4xdjk2N0QyTUd5NkMKb1l2RExxQm83bVFDCi0tLS0tRU5EIENFUlRJRklDQVRFLS0tLS0K"
              }
            ],
            "cluster_id": null,
            "compute_config": [],
            "created_at": "2025-06-07T12:15:28Z",
            "enabled_cluster_log_types": [],
            "endpoint": "https://4C66113FE3789BF4364E220D08A90A50.yl4.ap-southeast-1.eks.amazonaws.com",
            "id": "xct-higher-eks",
            "identity": [
              {
                "oidc": [
                  {
                    "issuer": "https://oidc.eks.ap-southeast-1.amazonaws.com/id/4C66113FE3789BF4364E220D08A90A50"
                  }
                ]
              }
            ],
            "kubernetes_network_config": [
              {
                "elastic_load_balancing": [
                  {
                    "enabled": false
                  }
                ],
                "ip_family": "ipv4",
                "service_ipv4_cidr": "172.20.0.0/16",
                "service_ipv6_cidr": ""
              }
            ],
            "name": "xct-higher-eks",
            "outpost_config": [],
            "platform_version": "eks.4",
            "remote_network_config": [],
            "role_arn": "arn:aws:iam::408897322877:role/eks-cluster-role",
            "status": "ACTIVE",
            "storage_config": [],
            "tags": {
              "Created-by": "terraform-jmr",
              "Environment": "staging",
              "Name": "xctuality-higher-env-eks",
              "Release": "latest"
            },
            "upgrade_policy": [
              {
                "support_type": "EXTENDED"
              }
            ],
            "version": "1.33",
            "vpc_config": [
              {
                "cluster_security_group_id": "sg-06d5d4fb597b98280",
                "endpoint_private_access": false,
                "endpoint_public_access": true,
                "public_access_cidrs": [
                  "0.0.0.0/0"
                ],
                "security_group_ids": [],
                "subnet_ids": [
                  "subnet-06d809fc66b7d0d2b",
                  "subnet-087aab61f1f3f0a35"
                ],
                "vpc_id": "vpc-03e5034225d4ece3c"
              }
            ],
            "zonal_shift_config": []
          },
          "sensitive_attributes": []
        }
      ]
    },
    {
      "mode": "data",
      "type": "aws_eks_cluster_auth",
      "name": "this",
      "provider": "provider[\"registry.terraform.io/hashicorp/aws\"]",
      "instances": [
        {
          "schema_version": 0,
          "attributes": {
            "id": "xct-higher-eks",
            "name": "xct-higher-eks",
            "token": "k8s-aws-v1.aHR0cHM6Ly9zdHMuYXAtc291dGhlYXN0LTEuYW1hem9uYXdzLmNvbS8_QWN0aW9uPUdldENhbGxlcklkZW50aXR5JlZlcnNpb249MjAxMS0wNi0xNSZYLUFtei1BbGdvcml0aG09QVdTNC1ITUFDLVNIQTI1NiZYLUFtei1DcmVkZW50aWFsPUFTSUFWNk5CTjc1NjdJQ0E1TkVBJTJGMjAyNTA2MDclMkZhcC1zb3V0aGVhc3QtMSUyRnN0cyUyRmF3czRfcmVxdWVzdCZYLUFtei1EYXRlPTIwMjUwNjA3VDEzMjIxMVomWC1BbXotRXhwaXJlcz0wJlgtQW16LVNlY3VyaXR5LVRva2VuPUlRb0piM0pwWjJsdVgyVmpFSjMlMkYlMkYlMkYlMkYlMkYlMkYlMkYlMkYlMkYlMkZ3RWFEbUZ3TFhOdmRYUm9aV0Z6ZEMweElrZ3dSZ0loQU9SQ0tvYXk2WFJub3ZIamwyanBYTWFySGFkTzdORGowOHQ5UDhvczlwVU9BaUVBME5nVjNkZzhPV1QyUWhiaE9GMWl4UXo4c3BrYVNkWGtNR244VHJYRFBzMHFoZ01JZGhBQUdndzBNRGc0T1Rjek1qSTROemNpRE42MiUyQjhmRUZpdUs5aGpNWUNyakFqOGtWcWNSYnRSdDl4ZjJ5MGsyJTJCZVl0THM5aGIyZU9ZczR3NHJGcXM4WWxLdjE1VFlwSkJNR1ZvVVZxek95RlVMJTJGUTRJUHNmNFlCVGZkVGJsZ0lzTmRvMnd3MFd4bUZLb0ZvSFRrbXU2ckdqVDV2WklPJTJCblJMcFZwWDRsajVHOGhuekFMVDBxem9mc2RPek9QcDA4RDJVSnp3bHNNdmplUzNGcHlaTVc3ekVBa3RqYUcxRzV4TnVUWlhQUDZpTHJjZmJCMXVjckhRJTJCTG1qdEslMkJDb0hIc3VxRzJYQVFVSGZHQmVGWHMwR0JlekJBckFMNmVxenFEcjFyT1pFMEdUSmthN0tWYmlRJTJGRm5zZVdNdnNqREFlZ0FGUzY0Ylo0bEtqMFNYeGhUSkZSYzVuUFh5UWNYTHBlWUs2SzU0Nlk5cXRoR1lpUFpaJTJGYVhzbkt0ZE9TZm05TVlMUiUyRmdaYkJPbEVGWUtVUUtTQzlVaDBNM1dlV0o0ZXIxUHY1c0NGTnNtNzRrS1RCb3NUY21teEZkcnRicFJoME02U1BDOWdwQ2F0ZHhKZHp4UFZTMklqS0hoOEg4aEtwVyUyRkElMkJMRU1LcjQ5JTJCd01yUTJZYW9SR0lTd0ZsYnVxeWFpUHNjd3ZOJTJCUXdnWTZwUUVJVzVSQ2Jkak9LNm9yOExUYzZhQkROOERVNHg5VDBabmNaNkRCU1d3a0pOdDdPNFJ5NXRIbUpwWVE0UjFFTWgycmloSW10dmg1ZVpJR09taVV5RDIlMkJCalBrM1FnazhWdGklMkZuWUlZWXBZOVlIZGVOdCUyQktRZmxhVm9rbmxKN0JRRUpjTGFybUFDT1hRNHVHRlhUaUN3dHliSEl2U2FCT2dKR3plck9aSlpBWEoyb00lMkJTMFBDJTJCbEtiSVdVNkg1d3VRWGVmVzQxWkJrZEF0aEJTUmF3dzhFV2J1RFolMkI4JTNEJlgtQW16LVNpZ25lZEhlYWRlcnM9aG9zdCUzQngtazhzLWF3cy1pZCZYLUFtei1TaWduYXR1cmU9ZDZhM2ViNDk2NWY0Y2I5MzZiNzhmNjc2MDlmMzc3MTgxZGJlNGQxODc4ZTg1Y2MzNmI0MjZiYTJjZjI4NjZhYQ"
          },
          "sensitive_attributes": [
            [
              {
                "type": "get_attr",
                "value": "token"
              }
            ]
          ]
        }
      ]
    },
    {
      "mode": "data",
      "type": "aws_iam_role",
      "name": "lbc-role",
      "provider": "provider[\"registry.terraform.io/hashicorp/aws\"]",
      "instances": [
        {
          "schema_version": 0,
          "attributes": {
            "arn": "arn:aws:iam::408897322877:role/eks-lbc-role",
            "assume_role_policy": "{\"Version\":\"2012-10-17\",\"Statement\":[{\"Effect\":\"Allow\",\"Principal\":{\"Service\":\"pods.eks.amazonaws.com\"},\"Action\":[\"sts:AssumeRole\",\"sts:TagSession\"]}]}",
            "create_date": "2025-06-07T12:12:41Z",
            "description": "",
            "id": "eks-lbc-role",
            "max_session_duration": 3600,
            "name": "eks-lbc-role",
            "path": "/",
            "permissions_boundary": "",
            "role_last_used": [
              {
                "last_used_date": "",
                "region": ""
              }
            ],
            "tags": {
              "Created-by": "terraform-jmr",
              "Environment": "staging",
              "Name": "xctuality-higher-env-eks",
              "Release": "latest"
            },
            "unique_id": "AROAV6NBN7564PFAVOYXC"
          },
          "sensitive_attributes": []
        }
      ]
    },
    {
      "mode": "data",
      "type": "aws_subnet",
      "name": "private_zone_1",
      "provider": "provider[\"registry.terraform.io/hashicorp/aws\"]",
      "instances": [
        {
          "schema_version": 0,
          "attributes": {
            "arn": "arn:aws:ec2:ap-southeast-1:408897322877:subnet/subnet-087aab61f1f3f0a35",
            "assign_ipv6_address_on_creation": false,
            "availability_zone": "ap-southeast-1a",
            "availability_zone_id": "apse1-az2",
            "available_ip_address_count": 8174,
            "cidr_block": "10.0.0.0/19",
            "customer_owned_ipv4_pool": "",
            "default_for_az": false,
            "enable_dns64": false,
            "enable_lni_at_device_index": 0,
            "enable_resource_name_dns_a_record_on_launch": false,
            "enable_resource_name_dns_aaaa_record_on_launch": false,
            "filter": [
              {
                "name": "tag:Name",
                "values": [
                  "staging-private-ap-southeast-1a"
                ]
              }
            ],
            "id": "subnet-087aab61f1f3f0a35",
            "ipv6_cidr_block": "",
            "ipv6_cidr_block_association_id": "",
            "ipv6_native": false,
            "map_customer_owned_ip_on_launch": false,
            "map_public_ip_on_launch": false,
            "outpost_arn": "",
            "owner_id": "408897322877",
            "private_dns_hostname_type_on_launch": "ip-name",
            "state": "available",
            "tags": {
              "Created-by": "terraform-jmr",
              "Environment": "staging",
              "Name": "staging-private-ap-southeast-1a",
              "Release": "latest",
              "kubernetes.io/cluster/staging-xct-eks": "owned",
              "kubernetes.io/role/internal-elb": "1"
            },
            "timeouts": null,
            "vpc_id": "vpc-03e5034225d4ece3c"
          },
          "sensitive_attributes": []
        }
      ]
    },
    {
      "mode": "data",
      "type": "aws_subnet",
      "name": "private_zone_2",
      "provider": "provider[\"registry.terraform.io/hashicorp/aws\"]",
      "instances": [
        {
          "schema_version": 0,
          "attributes": {
            "arn": "arn:aws:ec2:ap-southeast-1:408897322877:subnet/subnet-06d809fc66b7d0d2b",
            "assign_ipv6_address_on_creation": false,
            "availability_zone": "ap-southeast-1b",
            "availability_zone_id": "apse1-az1",
            "available_ip_address_count": 8186,
            "cidr_block": "10.0.32.0/19",
            "customer_owned_ipv4_pool": "",
            "default_for_az": false,
            "enable_dns64": false,
            "enable_lni_at_device_index": 0,
            "enable_resource_name_dns_a_record_on_launch": false,
            "enable_resource_name_dns_aaaa_record_on_launch": false,
            "filter": [
              {
                "name": "tag:Name",
                "values": [
                  "staging-private-ap-southeast-1b"
                ]
              }
            ],
            "id": "subnet-06d809fc66b7d0d2b",
            "ipv6_cidr_block": "",
            "ipv6_cidr_block_association_id": "",
            "ipv6_native": false,
            "map_customer_owned_ip_on_launch": false,
            "map_public_ip_on_launch": false,
            "outpost_arn": "",
            "owner_id": "408897322877",
            "private_dns_hostname_type_on_launch": "ip-name",
            "state": "available",
            "tags": {
              "Created-by": "terraform-jmr",
              "Environment": "staging",
              "Name": "staging-private-ap-southeast-1b",
              "Release": "latest",
              "kubernetes.io/cluster/staging-xct-eks": "owned",
              "kubernetes.io/role/internal-elb": "1"
            },
            "timeouts": null,
            "vpc_id": "vpc-03e5034225d4ece3c"
          },
          "sensitive_attributes": []
        }
      ]
    },
    {
      "mode": "data",
      "type": "aws_subnet",
      "name": "public_zone_1",
      "provider": "provider[\"registry.terraform.io/hashicorp/aws\"]",
      "instances": [
        {
          "schema_version": 0,
          "attributes": {
            "arn": "arn:aws:ec2:ap-southeast-1:408897322877:subnet/subnet-0ccbd67b64c292960",
            "assign_ipv6_address_on_creation": false,
            "availability_zone": "ap-southeast-1a",
            "availability_zone_id": "apse1-az2",
            "available_ip_address_count": 8186,
            "cidr_block": "10.0.64.0/19",
            "customer_owned_ipv4_pool": "",
            "default_for_az": false,
            "enable_dns64": false,
            "enable_lni_at_device_index": 0,
            "enable_resource_name_dns_a_record_on_launch": false,
            "enable_resource_name_dns_aaaa_record_on_launch": false,
            "filter": [
              {
                "name": "tag:Name",
                "values": [
                  "staging-public-ap-southeast-1a"
                ]
              }
            ],
            "id": "subnet-0ccbd67b64c292960",
            "ipv6_cidr_block": "",
            "ipv6_cidr_block_association_id": "",
            "ipv6_native": false,
            "map_customer_owned_ip_on_launch": false,
            "map_public_ip_on_launch": false,
            "outpost_arn": "",
            "owner_id": "408897322877",
            "private_dns_hostname_type_on_launch": "ip-name",
            "state": "available",
            "tags": {
              "Created-by": "terraform-jmr",
              "Environment": "staging",
              "Name": "staging-public-ap-southeast-1a",
              "Release": "latest",
              "kubernetes.io/cluster/staging-xct-eks": "owned",
              "kubernetes.io/role/elb": "1"
            },
            "timeouts": null,
            "vpc_id": "vpc-03e5034225d4ece3c"
          },
          "sensitive_attributes": []
        }
      ]
    },
    {
      "mode": "data",
      "type": "aws_subnet",
      "name": "public_zone_2",
      "provider": "provider[\"registry.terraform.io/hashicorp/aws\"]",
      "instances": [
        {
          "schema_version": 0,
          "attributes": {
            "arn": "arn:aws:ec2:ap-southeast-1:408897322877:subnet/subnet-059fb2755bb361343",
            "assign_ipv6_address_on_creation": false,
            "availability_zone": "ap-southeast-1b",
            "availability_zone_id": "apse1-az1",
            "available_ip_address_count": 8187,
            "cidr_block": "10.0.96.0/19",
            "customer_owned_ipv4_pool": "",
            "default_for_az": false,
            "enable_dns64": false,
            "enable_lni_at_device_index": 0,
            "enable_resource_name_dns_a_record_on_launch": false,
            "enable_resource_name_dns_aaaa_record_on_launch": false,
            "filter": [
              {
                "name": "tag:Name",
                "values": [
                  "staging-public-ap-southeast-1b"
                ]
              }
            ],
            "id": "subnet-059fb2755bb361343",
            "ipv6_cidr_block": "",
            "ipv6_cidr_block_association_id": "",
            "ipv6_native": false,
            "map_customer_owned_ip_on_launch": false,
            "map_public_ip_on_launch": false,
            "outpost_arn": "",
            "owner_id": "408897322877",
            "private_dns_hostname_type_on_launch": "ip-name",
            "state": "available",
            "tags": {
              "Created-by": "terraform-jmr",
              "Environment": "staging",
              "Name": "staging-public-ap-southeast-1b",
              "Release": "latest",
              "kubernetes.io/cluster/staging-xct-eks": "owned",
              "kubernetes.io/role/elb": "1"
            },
            "timeouts": null,
            "vpc_id": "vpc-03e5034225d4ece3c"
          },
          "sensitive_attributes": []
        }
      ]
    },
    {
      "mode": "data",
      "type": "aws_vpc",
      "name": "eks",
      "provider": "provider[\"registry.terraform.io/hashicorp/aws\"]",
      "instances": [
        {
          "schema_version": 0,
          "attributes": {
            "arn": "arn:aws:ec2:ap-southeast-1:408897322877:vpc/vpc-03e5034225d4ece3c",
            "cidr_block": "10.0.0.0/16",
            "cidr_block_associations": [
              {
                "association_id": "vpc-cidr-assoc-03ff3773fc8f94ff8",
                "cidr_block": "10.0.0.0/16",
                "state": "associated"
              }
            ],
            "default": false,
            "dhcp_options_id": "dopt-0b2e3fd33d678a5d5",
            "enable_dns_hostnames": true,
            "enable_dns_support": true,
            "enable_network_address_usage_metrics": false,
            "filter": [
              {
                "name": "tag:Name",
                "values": [
                  "xctuality-higher-env-eks"
                ]
              }
            ],
            "id": "vpc-03e5034225d4ece3c",
            "instance_tenancy": "default",
            "ipv6_association_id": "",
            "ipv6_cidr_block": "",
            "main_route_table_id": "rtb-092d6f34de9e25844",
            "owner_id": "408897322877",
            "state": null,
            "tags": {
              "Created-by": "terraform-jmr",
              "Environment": "staging",
              "Name": "xctuality-higher-env-eks",
              "Release": "latest"
            },
            "timeouts": null
          },
          "sensitive_attributes": []
        }
      ]
    },
    {
      "module": "module.eks_pod_identity_association",
      "mode": "managed",
      "type": "aws_eks_pod_identity_association",
      "name": "cluster_autoscaler",
      "provider": "provider[\"registry.terraform.io/hashicorp/aws\"]",
      "instances": [
        {
          "schema_version": 0,
          "attributes": {
            "association_arn": "arn:aws:eks:ap-southeast-1:408897322877:podidentityassociation/xct-higher-eks/a-dmvxhinwvjagtbzxk",
            "association_id": "a-dmvxhinwvjagtbzxk",
            "cluster_name": "xct-higher-eks",
            "id": "a-dmvxhinwvjagtbzxk",
            "namespace": "xct-higher-eks",
            "role_arn": "arn:aws:iam::408897322877:role/eks-lbc-role",
            "service_account": "aws-load-balancer-controller",
            "tags": null,
            "tags_all": {}
          },
          "sensitive_attributes": [],
          "dependencies": [
            "data.aws_iam_role.lbc-role"
          ]
        }
      ]
    },
    {
      "module": "module.helm_release",
      "mode": "managed",
      "type": "helm_release",
      "name": "this",
      "provider": "provider[\"registry.terraform.io/hashicorp/helm\"]",
      "instances": [
        {
          "index_key": "0",
          "status": "tainted",
          "schema_version": 1,
          "attributes": {
            "atomic": false,
            "chart": "metrics-server",
            "cleanup_on_fail": false,
            "create_namespace": false,
            "dependency_update": false,
            "description": null,
            "devel": null,
            "disable_crd_hooks": false,
            "disable_openapi_validation": false,
            "disable_webhooks": false,
            "force_update": false,
            "id": "metrics-server",
            "keyring": null,
            "lint": false,
            "manifest": null,
            "max_history": 0,
            "metadata": [
              {
                "app_version": "0.7.1",
                "chart": "metrics-server",
                "first_deployed": 1749302548,
                "last_deployed": 1749302548,
                "name": "metrics-server",
                "namespace": "kube-system",
                "notes": "***********************************************************************\n* Metrics Server                                                      *\n***********************************************************************\n  Chart version: 3.12.1\n  App version:   0.7.1\n  Image tag:     registry.k8s.io/metrics-server/metrics-server:v0.7.1\n***********************************************************************\n",
                "revision": 1,
                "values": "{\"defaultArgs\":[\"--cert-dir=/tmp\",\"--kubelet-preferred-address-types=InternalIP,ExternalIP,Hostname\",\"--kubelet-use-node-status-port\",\"--metric-resolution=15s\",\"--secure-port=10250\"]}",
                "version": "3.12.1"
              }
            ],
            "name": "metrics-server",
            "namespace": "kube-system",
            "pass_credentials": false,
            "postrender": [],
            "recreate_pods": false,
            "render_subchart_notes": true,
            "replace": false,
            "repository": "https://kubernetes-sigs.github.io/metrics-server/",
            "repository_ca_file": null,
            "repository_cert_file": null,
            "repository_key_file": null,
            "repository_password": null,
            "repository_username": null,
            "reset_values": false,
            "reuse_values": false,
            "set": [
              {
                "name": "",
                "type": "",
                "value": ""
              }
            ],
            "set_list": [],
            "set_sensitive": [],
            "skip_crds": false,
            "status": "failed",
            "timeout": 300,
            "upgrade_install": null,
            "values": [
              "---\ndefaultArgs:\n  - --cert-dir=/tmp\n  - --kubelet-preferred-address-types=InternalIP,ExternalIP,Hostname\n  - --kubelet-use-node-status-port\n  - --metric-resolution=15s\n  - --secure-port=10250"
            ],
            "verify": false,
            "version": "3.12.1",
            "wait": true,
            "wait_for_jobs": false
          },
          "sensitive_attributes": [
            [
              {
                "type": "get_attr",
                "value": "repository_password"
              }
            ]
          ],
          "private": "eyJzY2hlbWFfdmVyc2lvbiI6IjEifQ==",
          "dependencies": [
            "data.aws_eks_cluster.this",
            "data.aws_eks_cluster_auth.this",
            "data.aws_vpc.eks"
          ]
        },
        {
          "index_key": "1",
          "status": "tainted",
          "schema_version": 1,
          "attributes": {
            "atomic": false,
            "chart": "cluster-autoscaler",
            "cleanup_on_fail": false,
            "create_namespace": false,
            "dependency_update": false,
            "description": null,
            "devel": null,
            "disable_crd_hooks": false,
            "disable_openapi_validation": false,
            "disable_webhooks": false,
            "force_update": false,
            "id": "autoscaler",
            "keyring": null,
            "lint": false,
            "manifest": null,
            "max_history": 0,
            "metadata": [
              {
                "app_version": "1.30.0",
                "chart": "cluster-autoscaler",
                "first_deployed": 1749302549,
                "last_deployed": 1749302549,
                "name": "autoscaler",
                "namespace": "kube-system",
                "notes": "\n\nTo verify that cluster-autoscaler has started, run:\n\n  kubectl --namespace=kube-system get pods -l \"app.kubernetes.io/name=aws-cluster-autoscaler,app.kubernetes.io/instance=autoscaler\"",
                "revision": 1,
                "values": "{\"autoDiscovery\":{\"clusterName\":\"xct-higher-eks\"},\"awsRegion\":\"ap-southeast-1\",\"rbac\":{\"serviceAccount\":{\"name\":\"cluster-autoscaler\"}}}",
                "version": "9.37.0"
              }
            ],
            "name": "autoscaler",
            "namespace": "kube-system",
            "pass_credentials": false,
            "postrender": [],
            "recreate_pods": false,
            "render_subchart_notes": true,
            "replace": false,
            "repository": "https://kubernetes.github.io/autoscaler",
            "repository_ca_file": null,
            "repository_cert_file": null,
            "repository_key_file": null,
            "repository_password": null,
            "repository_username": null,
            "reset_values": false,
            "reuse_values": false,
            "set": [
              {
                "name": "autoDiscovery.clusterName",
                "type": "",
                "value": "xct-higher-eks"
              },
              {
                "name": "awsRegion",
                "type": "",
                "value": "ap-southeast-1"
              },
              {
                "name": "rbac.serviceAccount.name",
                "type": "",
                "value": "cluster-autoscaler"
              }
            ],
            "set_list": [],
            "set_sensitive": [],
            "skip_crds": false,
            "status": "failed",
            "timeout": 300,
            "upgrade_install": null,
            "values": [
              ""
            ],
            "verify": false,
            "version": "9.37.0",
            "wait": true,
            "wait_for_jobs": false
          },
          "sensitive_attributes": [
            [
              {
                "type": "get_attr",
                "value": "repository_password"
              }
            ]
          ],
          "private": "eyJzY2hlbWFfdmVyc2lvbiI6IjEifQ==",
          "dependencies": [
            "data.aws_eks_cluster.this",
            "data.aws_eks_cluster_auth.this",
            "data.aws_vpc.eks"
          ]
        },
        {
          "index_key": "2",
          "status": "tainted",
          "schema_version": 1,
          "attributes": {
            "atomic": false,
            "chart": "aws-load-balancer-controller",
            "cleanup_on_fail": false,
            "create_namespace": false,
            "dependency_update": false,
            "description": null,
            "devel": null,
            "disable_crd_hooks": false,
            "disable_openapi_validation": false,
            "disable_webhooks": false,
            "force_update": false,
            "id": "aws-load-balancer-controller",
            "keyring": null,
            "lint": false,
            "manifest": null,
            "max_history": 0,
            "metadata": [
              {
                "app_version": "v2.13.2",
                "chart": "aws-load-balancer-controller",
                "first_deployed": 1749302539,
                "last_deployed": 1749302539,
                "name": "aws-load-balancer-controller",
                "namespace": "kube-system",
                "notes": "AWS Load Balancer controller installed!\n",
                "revision": 1,
                "values": "{\"clusterName\":\"xct-higher-eks\",\"serviceAccount\":{\"name\":\"aws-load-balancer-controller\"},\"vpcId\":\"vpc-03e5034225d4ece3c\"}",
                "version": "1.13.2"
              }
            ],
            "name": "aws-load-balancer-controller",
            "namespace": "kube-system",
            "pass_credentials": false,
            "postrender": [],
            "recreate_pods": false,
            "render_subchart_notes": true,
            "replace": false,
            "repository": "https://aws.github.io/eks-charts",
            "repository_ca_file": null,
            "repository_cert_file": null,
            "repository_key_file": null,
            "repository_password": null,
            "repository_username": null,
            "reset_values": false,
            "reuse_values": false,
            "set": [
              {
                "name": "clusterName",
                "type": "",
                "value": "xct-higher-eks"
              },
              {
                "name": "serviceAccount.name",
                "type": "",
                "value": "aws-load-balancer-controller"
              },
              {
                "name": "vpcId",
                "type": "",
                "value": "vpc-03e5034225d4ece3c"
              }
            ],
            "set_list": [],
            "set_sensitive": [],
            "skip_crds": false,
            "status": "failed",
            "timeout": 300,
            "upgrade_install": null,
            "values": [
              ""
            ],
            "verify": false,
            "version": "1.13.2",
            "wait": true,
            "wait_for_jobs": false
          },
          "sensitive_attributes": [
            [
              {
                "type": "get_attr",
                "value": "repository_password"
              }
            ]
          ],
          "private": "eyJzY2hlbWFfdmVyc2lvbiI6IjEifQ==",
          "dependencies": [
            "data.aws_eks_cluster.this",
            "data.aws_eks_cluster_auth.this",
            "data.aws_vpc.eks"
          ]
        }
      ]
    }
  ],
  "check_results": null
}
