{
  "version": 4,
  "terraform_version": "1.9.7",
  "serial": 128,
  "lineage": "0b0dc6ac-0cde-097f-ade3-ff48380f18e4",
  "outputs": {
    "subnets_out": {
      "value": [
        [
          "subnet-0d6ab3417d69ea663",
          "subnet-0e136939d173521a8",
          "subnet-02d8d1547fa8809fb"
        ]
      ],
      "type": [
        "tuple",
        [
          [
            "list",
            "string"
          ]
        ]
      ]
    }
  },
  "resources": [
    {
      "mode": "data",
      "type": "aws_ecs_task_definition",
      "name": "this",
      "provider": "provider[\"registry.terraform.io/hashicorp/aws\"]",
      "instances": [
        {
          "schema_version": 0,
          "attributes": {
            "arn": "arn:aws:ecs:ap-southeast-1:339712823657:task-definition/rsi-corp-td:22",
            "arn_without_revision": "arn:aws:ecs:ap-southeast-1:339712823657:task-definition/rsi-corp-td",
            "execution_role_arn": "arn:aws:iam::339712823657:role/ECSTaskExecutionRole",
            "family": "rsi-corp-td",
            "id": "arn:aws:ecs:ap-southeast-1:339712823657:task-definition/rsi-corp-td:22",
            "network_mode": "host",
            "revision": 22,
            "status": "ACTIVE",
            "task_definition": "rsi-corp-td",
            "task_role_arn": ""
          },
          "sensitive_attributes": []
        }
      ]
    },
    {
      "mode": "data",
      "type": "aws_key_pair",
      "name": "this",
      "provider": "provider[\"registry.terraform.io/hashicorp/aws\"]",
      "instances": [
        {
          "schema_version": 0,
          "attributes": {
            "arn": "arn:aws:ec2:ap-southeast-1:339712823657:key-pair/provisioner-key.pub",
            "create_time": "2024-08-10T14:58:59Z",
            "filter": null,
            "fingerprint": "8nub3H/40Uh9lj/Vk3MuKaHxsvlz51Bzv6QNW5TXyl8=",
            "id": "key-027b6355d3cbbbe8a",
            "include_public_key": true,
            "key_name": "provisioner-key.pub",
            "key_pair_id": "key-027b6355d3cbbbe8a",
            "key_type": "ed25519",
            "public_key": "ssh-ed25519 AAAAC3NzaC1lZDI1NTE5AAAAIJMPq67/zFNNZtYy9GSw0ezLFu6wSiAuFNJTUhsARW+5 provisioner-key.pub\n",
            "tags": {},
            "timeouts": null
          },
          "sensitive_attributes": []
        }
      ]
    },
    {
      "mode": "data",
      "type": "aws_security_group",
      "name": "this",
      "provider": "provider[\"registry.terraform.io/hashicorp/aws\"]",
      "instances": [
        {
          "schema_version": 0,
          "attributes": {
            "arn": "arn:aws:ec2:ap-southeast-1:339712823657:security-group/sg-042e64ebe3b742999",
            "description": "Allow TLS inbound traffic and all outbound traffic",
            "filter": null,
            "id": "sg-042e64ebe3b742999",
            "name": "rsi-corp-prod-sg",
            "tags": {
              "Environment": "production",
              "Name": "reliasourcing.com"
            },
            "timeouts": null,
            "vpc_id": "vpc-07db9ba85ca18e47e"
          },
          "sensitive_attributes": []
        }
      ]
    },
    {
      "mode": "data",
      "type": "aws_subnets",
      "name": "selected",
      "provider": "provider[\"registry.terraform.io/hashicorp/aws\"]",
      "instances": [
        {
          "schema_version": 0,
          "attributes": {
            "filter": [
              {
                "name": "tag:Name",
                "values": [
                  "public-ap-southeast-1*"
                ]
              }
            ],
            "id": "ap-southeast-1",
            "ids": [
              "subnet-0d6ab3417d69ea663",
              "subnet-0e136939d173521a8",
              "subnet-02d8d1547fa8809fb"
            ],
            "tags": null,
            "timeouts": null
          },
          "sensitive_attributes": []
        }
      ]
    },
    {
      "mode": "data",
      "type": "aws_vpc",
      "name": "selected",
      "provider": "provider[\"registry.terraform.io/hashicorp/aws\"]",
      "instances": [
        {
          "schema_version": 0,
          "attributes": {
            "arn": "arn:aws:ec2:ap-southeast-1:339712823657:vpc/vpc-07db9ba85ca18e47e",
            "cidr_block": "10.0.24.0/22",
            "cidr_block_associations": [
              {
                "association_id": "vpc-cidr-assoc-0c998910280c907a8",
                "cidr_block": "10.0.24.0/22",
                "state": "associated"
              }
            ],
            "default": false,
            "dhcp_options_id": "dopt-01ae85facfcc11802",
            "enable_dns_hostnames": true,
            "enable_dns_support": true,
            "enable_network_address_usage_metrics": false,
            "filter": [
              {
                "name": "tag:Env",
                "values": [
                  "higher"
                ]
              },
              {
                "name": "tag:Name",
                "values": [
                  "higher-rsi-infra"
                ]
              },
              {
                "name": "tag:Provisioner",
                "values": [
                  "terraform"
                ]
              },
              {
                "name": "tag:Tier",
                "values": [
                  "high"
                ]
              }
            ],
            "id": "vpc-07db9ba85ca18e47e",
            "instance_tenancy": "default",
            "ipv6_association_id": "",
            "ipv6_cidr_block": "",
            "main_route_table_id": "rtb-06e869eef814687e9",
            "owner_id": "339712823657",
            "state": null,
            "tags": {
              "Env": "higher",
              "Name": "higher-rsi-infra",
              "Provisioner": "terraform",
              "Purpose": "",
              "Tier": "high"
            },
            "timeouts": null
          },
          "sensitive_attributes": []
        }
      ]
    },
    {
      "mode": "managed",
      "type": "null_resource",
      "name": "ansible_provisioner",
      "provider": "provider[\"registry.terraform.io/hashicorp/null\"]",
      "instances": [
        {
          "schema_version": 0,
          "attributes": {
            "id": "3553744158074020942",
            "triggers": null
          },
          "sensitive_attributes": [],
          "dependencies": [
            "data.aws_key_pair.this",
            "module.ECSInstanceRole.aws_iam_instance_profile.this",
            "module.ECSInstanceRole.aws_iam_role.this",
            "module.ECSInstanceRole.aws_iam_role_policy_attachment.this",
            "module.ECSRole.aws_iam_role.this",
            "module.ec2.aws_instance.this"
          ]
        }
      ]
    },
    {
      "module": "module.ECSAutoScalingRole",
      "mode": "managed",
      "type": "aws_iam_instance_profile",
      "name": "this",
      "provider": "provider[\"registry.terraform.io/hashicorp/aws\"]",
      "instances": [
        {
          "schema_version": 0,
          "attributes": {
            "arn": "arn:aws:iam::339712823657:instance-profile/ECSAutoScalingRole",
            "create_date": "2024-10-10T11:32:35Z",
            "id": "ECSAutoScalingRole",
            "name": "ECSAutoScalingRole",
            "name_prefix": "",
            "path": "/",
            "role": "ECSAutoScalingRole",
            "tags": null,
            "tags_all": {},
            "unique_id": "AIPAU6GDWKFUUE2WUULVU"
          },
          "sensitive_attributes": [],
          "private": "bnVsbA==",
          "dependencies": [
            "module.ECSAutoScalingRole.aws_iam_role.this"
          ]
        }
      ]
    },
    {
      "module": "module.ECSAutoScalingRole",
      "mode": "managed",
      "type": "aws_iam_role",
      "name": "this",
      "provider": "provider[\"registry.terraform.io/hashicorp/aws\"]",
      "instances": [
        {
          "schema_version": 0,
          "attributes": {
            "arn": "arn:aws:iam::339712823657:role/ECSAutoScalingRole",
            "assume_role_policy": "{\"Statement\":[{\"Action\":\"sts:AssumeRole\",\"Effect\":\"Allow\",\"Principal\":{\"Service\":[\"ec2.amazonaws.com\",\"ecs.amazonaws.com\",\"ecs-tasks.amazonaws.com\"]},\"Sid\":\"ECSpermission\"}],\"Version\":\"2012-10-17\"}",
            "create_date": "2024-10-10T11:32:33Z",
            "description": "",
            "force_detach_policies": false,
            "id": "ECSAutoScalingRole",
            "inline_policy": [],
            "managed_policy_arns": [],
            "max_session_duration": 3600,
            "name": "ECSAutoScalingRole",
            "name_prefix": "",
            "path": "/",
            "permissions_boundary": "",
            "tags": {
              "name": ""
            },
            "tags_all": {
              "name": ""
            },
            "unique_id": "AROAU6GDWKFUXLGST7OOS"
          },
          "sensitive_attributes": [],
          "private": "bnVsbA=="
        }
      ]
    },
    {
      "module": "module.ECSAutoScalingRole",
      "mode": "managed",
      "type": "aws_iam_role_policy_attachment",
      "name": "this",
      "provider": "provider[\"registry.terraform.io/hashicorp/aws\"]",
      "instances": [
        {
          "index_key": 0,
          "schema_version": 0,
          "attributes": {
            "id": "ECSAutoScalingRole-20241010113235141900000001",
            "policy_arn": "arn:aws:iam::aws:policy/service-role/AmazonEC2ContainerServiceAutoscaleRole",
            "role": "ECSAutoScalingRole"
          },
          "sensitive_attributes": [],
          "private": "bnVsbA==",
          "dependencies": [
            "module.ECSAutoScalingRole.aws_iam_role.this"
          ]
        }
      ]
    },
    {
      "module": "module.ECSInstanceRole",
      "mode": "managed",
      "type": "aws_iam_instance_profile",
      "name": "this",
      "provider": "provider[\"registry.terraform.io/hashicorp/aws\"]",
      "instances": [
        {
          "schema_version": 0,
          "attributes": {
            "arn": "arn:aws:iam::339712823657:instance-profile/ECSInstanceRole",
            "create_date": "2024-10-10T11:32:35Z",
            "id": "ECSInstanceRole",
            "name": "ECSInstanceRole",
            "name_prefix": "",
            "path": "/",
            "role": "ECSInstanceRole",
            "tags": null,
            "tags_all": {},
            "unique_id": "AIPAU6GDWKFU66IGSRMDJ"
          },
          "sensitive_attributes": [],
          "private": "bnVsbA==",
          "dependencies": [
            "module.ECSInstanceRole.aws_iam_role.this"
          ]
        }
      ]
    },
    {
      "module": "module.ECSInstanceRole",
      "mode": "managed",
      "type": "aws_iam_role",
      "name": "this",
      "provider": "provider[\"registry.terraform.io/hashicorp/aws\"]",
      "instances": [
        {
          "schema_version": 0,
          "attributes": {
            "arn": "arn:aws:iam::339712823657:role/ECSInstanceRole",
            "assume_role_policy": "{\"Statement\":[{\"Action\":\"sts:AssumeRole\",\"Effect\":\"Allow\",\"Principal\":{\"Service\":[\"ec2.amazonaws.com\",\"ecs.amazonaws.com\",\"ecs-tasks.amazonaws.com\"]},\"Sid\":\"ECSpermission\"}],\"Version\":\"2012-10-17\"}",
            "create_date": "2024-10-10T11:32:33Z",
            "description": "",
            "force_detach_policies": false,
            "id": "ECSInstanceRole",
            "inline_policy": [],
            "managed_policy_arns": [],
            "max_session_duration": 3600,
            "name": "ECSInstanceRole",
            "name_prefix": "",
            "path": "/",
            "permissions_boundary": "",
            "tags": {
              "name": ""
            },
            "tags_all": {
              "name": ""
            },
            "unique_id": "AROAU6GDWKFURWMU3ZXDL"
          },
          "sensitive_attributes": [],
          "private": "bnVsbA=="
        }
      ]
    },
    {
      "module": "module.ECSInstanceRole",
      "mode": "managed",
      "type": "aws_iam_role_policy_attachment",
      "name": "this",
      "provider": "provider[\"registry.terraform.io/hashicorp/aws\"]",
      "instances": [
        {
          "index_key": 0,
          "schema_version": 0,
          "attributes": {
            "id": "ECSInstanceRole-20241010113235184000000002",
            "policy_arn": "arn:aws:iam::aws:policy/service-role/AmazonEC2ContainerServiceforEC2Role",
            "role": "ECSInstanceRole"
          },
          "sensitive_attributes": [],
          "private": "bnVsbA==",
          "dependencies": [
            "module.ECSInstanceRole.aws_iam_role.this"
          ]
        }
      ]
    },
    {
      "module": "module.ECSRole",
      "mode": "managed",
      "type": "aws_iam_instance_profile",
      "name": "this",
      "provider": "provider[\"registry.terraform.io/hashicorp/aws\"]",
      "instances": [
        {
          "schema_version": 0,
          "attributes": {
            "arn": "arn:aws:iam::339712823657:instance-profile/ECSRole",
            "create_date": "2024-10-10T11:32:35Z",
            "id": "ECSRole",
            "name": "ECSRole",
            "name_prefix": "",
            "path": "/",
            "role": "ECSRole",
            "tags": null,
            "tags_all": {},
            "unique_id": "AIPAU6GDWKFUYPZJDSMGM"
          },
          "sensitive_attributes": [],
          "private": "bnVsbA==",
          "dependencies": [
            "module.ECSRole.aws_iam_role.this"
          ]
        }
      ]
    },
    {
      "module": "module.ECSRole",
      "mode": "managed",
      "type": "aws_iam_role",
      "name": "this",
      "provider": "provider[\"registry.terraform.io/hashicorp/aws\"]",
      "instances": [
        {
          "schema_version": 0,
          "attributes": {
            "arn": "arn:aws:iam::339712823657:role/ECSRole",
            "assume_role_policy": "{\"Statement\":[{\"Action\":\"sts:AssumeRole\",\"Effect\":\"Allow\",\"Principal\":{\"Service\":[\"ec2.amazonaws.com\",\"ecs.amazonaws.com\",\"ecs-tasks.amazonaws.com\"]},\"Sid\":\"ECSpermission\"}],\"Version\":\"2012-10-17\"}",
            "create_date": "2024-10-10T11:32:33Z",
            "description": "",
            "force_detach_policies": false,
            "id": "ECSRole",
            "inline_policy": [],
            "managed_policy_arns": [],
            "max_session_duration": 3600,
            "name": "ECSRole",
            "name_prefix": "",
            "path": "/",
            "permissions_boundary": "",
            "tags": {
              "name": ""
            },
            "tags_all": {
              "name": ""
            },
            "unique_id": "AROAU6GDWKFU46C3JD26M"
          },
          "sensitive_attributes": [],
          "private": "bnVsbA=="
        }
      ]
    },
    {
      "module": "module.ECSRole",
      "mode": "managed",
      "type": "aws_iam_role_policy_attachment",
      "name": "this",
      "provider": "provider[\"registry.terraform.io/hashicorp/aws\"]",
      "instances": [
        {
          "index_key": 0,
          "schema_version": 0,
          "attributes": {
            "id": "ECSRole-20241010113235381600000004",
            "policy_arn": "arn:aws:iam::aws:policy/service-role/AmazonEC2ContainerServiceRole",
            "role": "ECSRole"
          },
          "sensitive_attributes": [],
          "private": "bnVsbA==",
          "dependencies": [
            "module.ECSRole.aws_iam_role.this"
          ]
        }
      ]
    },
    {
      "module": "module.ECSTaskExecutionRole",
      "mode": "managed",
      "type": "aws_iam_instance_profile",
      "name": "this",
      "provider": "provider[\"registry.terraform.io/hashicorp/aws\"]",
      "instances": [
        {
          "schema_version": 0,
          "attributes": {
            "arn": "arn:aws:iam::339712823657:instance-profile/ECSTaskExecutionRole",
            "create_date": "2024-10-10T11:32:37Z",
            "id": "ECSTaskExecutionRole",
            "name": "ECSTaskExecutionRole",
            "name_prefix": "",
            "path": "/",
            "role": "ECSTaskExecutionRole",
            "tags": null,
            "tags_all": {},
            "unique_id": "AIPAU6GDWKFUWR76WMNJ4"
          },
          "sensitive_attributes": [],
          "private": "bnVsbA==",
          "dependencies": [
            "module.ECSTaskExecutionRole.aws_iam_role.this"
          ]
        }
      ]
    },
    {
      "module": "module.ECSTaskExecutionRole",
      "mode": "managed",
      "type": "aws_iam_role",
      "name": "this",
      "provider": "provider[\"registry.terraform.io/hashicorp/aws\"]",
      "instances": [
        {
          "schema_version": 0,
          "attributes": {
            "arn": "arn:aws:iam::339712823657:role/ECSTaskExecutionRole",
            "assume_role_policy": "{\"Statement\":[{\"Action\":\"sts:AssumeRole\",\"Effect\":\"Allow\",\"Principal\":{\"Service\":[\"ec2.amazonaws.com\",\"ecs.amazonaws.com\",\"ecs-tasks.amazonaws.com\"]},\"Sid\":\"ECSpermission\"}],\"Version\":\"2012-10-17\"}",
            "create_date": "2024-10-10T11:32:33Z",
            "description": "",
            "force_detach_policies": false,
            "id": "ECSTaskExecutionRole",
            "inline_policy": [
              {
                "name": "DockerHubSecretsPolicy",
                "policy": "{\"Version\":\"2012-10-17\",\"Statement\":[{\"Action\":[\"secretsmanager:GetSecretValue\"],\"Effect\":\"Allow\",\"Resource\":[\"arn:aws:secretsmanager:ap-southeast-1:104869295404:secret:DockerHubSecret-abvFY5\"]}]}"
              },
              {
                "name": "ECSS3Policy",
                "policy": "{\"Version\":\"2012-10-17\",\"Statement\":[{\"Action\":[\"s3:GetObjectVersionTagging\",\"s3:GetStorageLensConfigurationTagging\",\"s3:GetObjectAcl\",\"s3:GetBucketObjectLockConfiguration\",\"s3:GetIntelligentTieringConfiguration\",\"s3:GetStorageLensGroup\",\"s3:GetAccessGrantsInstanceForPrefix\",\"s3:GetObjectVersionAcl\",\"s3:GetBucketPolicyStatus\",\"s3:GetAccessGrantsLocation\",\"s3:GetObjectRetention\",\"s3:GetBucketWebsite\",\"s3:GetJobTagging\",\"s3:GetMultiRegionAccessPoint\",\"s3:GetObjectAttributes\",\"s3:GetAccessGrantsInstanceResourcePolicy\",\"s3:GetObjectLegalHold\",\"s3:GetBucketNotification\",\"s3:DescribeMultiRegionAccessPointOperation\",\"s3:GetReplicationConfiguration\",\"s3:GetObject\",\"s3:DescribeJob\",\"s3:GetAnalyticsConfiguration\",\"s3:GetObjectVersionForReplication\",\"s3:GetAccessPointForObjectLambda\",\"s3:GetStorageLensDashboard\",\"s3:GetLifecycleConfiguration\",\"s3:GetAccessPoint\",\"s3:GetInventoryConfiguration\",\"s3:GetBucketTagging\",\"s3:GetAccessPointPolicyForObjectLambda\",\"s3:GetBucketLogging\",\"s3:GetAccessGrant\",\"s3:GetAccelerateConfiguration\",\"s3:GetObjectVersionAttributes\",\"s3:GetBucketPolicy\",\"s3:GetEncryptionConfiguration\",\"s3:GetObjectVersionTorrent\",\"s3:GetBucketRequestPayment\",\"s3:GetAccessPointPolicyStatus\",\"s3:GetAccessGrantsInstance\",\"s3:GetObjectTagging\",\"s3:GetMetricsConfiguration\",\"s3:GetBucketOwnershipControls\",\"s3:GetBucketPublicAccessBlock\",\"s3:GetMultiRegionAccessPointPolicyStatus\",\"s3:GetMultiRegionAccessPointPolicy\",\"s3:GetAccessPointPolicyStatusForObjectLambda\",\"s3:GetDataAccess\",\"s3:GetBucketVersioning\",\"s3:GetBucketAcl\",\"s3:GetAccessPointConfigurationForObjectLambda\",\"s3:GetObjectTorrent\",\"s3:GetMultiRegionAccessPointRoutes\",\"s3:GetStorageLensConfiguration\",\"s3:GetAccountPublicAccessBlock\",\"s3:GetBucketCORS\",\"s3:GetBucketLocation\",\"s3:GetAccessPointPolicy\",\"s3:GetObjectVersion\"],\"Effect\":\"Allow\",\"Resource\":\"*\",\"Sid\":\"VisualEditor0\"}]}"
              },
              {
                "name": "TaskExecutionRolePolicy",
                "policy": "{\"Version\":\"2012-10-17\",\"Statement\":[{\"Action\":[\"ecr:GetAuthorizationToken\",\"ecr:BatchCheckLayerAvailability\",\"ecr:GetDownloadUrlForLayer\",\"ecr:BatchGetImage\",\"logs:CreateLogStream\",\"logs:PutLogEvents\"],\"Effect\":\"Allow\",\"Resource\":\"*\"}]}"
              }
            ],
            "managed_policy_arns": [],
            "max_session_duration": 3600,
            "name": "ECSTaskExecutionRole",
            "name_prefix": "",
            "path": "/",
            "permissions_boundary": "",
            "tags": {
              "name": ""
            },
            "tags_all": {
              "name": ""
            },
            "unique_id": "AROAU6GDWKFU464IEI4L6"
          },
          "sensitive_attributes": [],
          "private": "bnVsbA=="
        }
      ]
    },
    {
      "module": "module.ServiceRoleForECS",
      "mode": "managed",
      "type": "aws_iam_instance_profile",
      "name": "this",
      "provider": "provider[\"registry.terraform.io/hashicorp/aws\"]",
      "instances": [
        {
          "schema_version": 0,
          "attributes": {
            "arn": "arn:aws:iam::339712823657:instance-profile/ServiceRoleForECS",
            "create_date": "2024-10-10T11:32:35Z",
            "id": "ServiceRoleForECS",
            "name": "ServiceRoleForECS",
            "name_prefix": "",
            "path": "/",
            "role": "ServiceRoleForECS",
            "tags": null,
            "tags_all": {},
            "unique_id": "AIPAU6GDWKFUU4B3NSKY2"
          },
          "sensitive_attributes": [],
          "private": "bnVsbA==",
          "dependencies": [
            "module.ServiceRoleForECS.aws_iam_role.this"
          ]
        }
      ]
    },
    {
      "module": "module.ServiceRoleForECS",
      "mode": "managed",
      "type": "aws_iam_role",
      "name": "this",
      "provider": "provider[\"registry.terraform.io/hashicorp/aws\"]",
      "instances": [
        {
          "schema_version": 0,
          "attributes": {
            "arn": "arn:aws:iam::339712823657:role/ServiceRoleForECS",
            "assume_role_policy": "{\"Statement\":[{\"Action\":\"sts:AssumeRole\",\"Effect\":\"Allow\",\"Principal\":{\"Service\":[\"ec2.amazonaws.com\",\"ecs.amazonaws.com\",\"ecs-tasks.amazonaws.com\"]},\"Sid\":\"ECSpermission\"}],\"Version\":\"2012-10-17\"}",
            "create_date": "2024-10-10T11:32:33Z",
            "description": "",
            "force_detach_policies": false,
            "id": "ServiceRoleForECS",
            "inline_policy": [],
            "managed_policy_arns": [],
            "max_session_duration": 3600,
            "name": "ServiceRoleForECS",
            "name_prefix": "",
            "path": "/",
            "permissions_boundary": "",
            "tags": {
              "name": ""
            },
            "tags_all": {
              "name": ""
            },
            "unique_id": "AROAU6GDWKFU3UKEB5OFD"
          },
          "sensitive_attributes": [],
          "private": "bnVsbA=="
        }
      ]
    },
    {
      "module": "module.ServiceRoleForECS",
      "mode": "managed",
      "type": "aws_iam_role_policy_attachment",
      "name": "this",
      "provider": "provider[\"registry.terraform.io/hashicorp/aws\"]",
      "instances": [
        {
          "index_key": 0,
          "schema_version": 0,
          "attributes": {
            "id": "ServiceRoleForECS-20241010113235214200000003",
            "policy_arn": "arn:aws:iam::aws:policy/CloudWatchAgentAdminPolicy",
            "role": "ServiceRoleForECS"
          },
          "sensitive_attributes": [],
          "private": "bnVsbA==",
          "dependencies": [
            "module.ServiceRoleForECS.aws_iam_role.this"
          ]
        }
      ]
    },
    {
      "module": "module.ami_from_instance",
      "mode": "managed",
      "type": "aws_ami_from_instance",
      "name": "this",
      "provider": "provider[\"registry.terraform.io/hashicorp/aws\"]",
      "instances": [
        {
          "schema_version": 0,
          "attributes": {
            "architecture": "x86_64",
            "arn": "arn:aws:ec2:ap-southeast-1::image/ami-0843139797d7121de",
            "boot_mode": "uefi-preferred",
            "deprecation_time": "",
            "description": "",
            "ebs_block_device": [
              {
                "delete_on_termination": true,
                "device_name": "/dev/sda1",
                "encrypted": false,
                "iops": 3000,
                "outpost_arn": "",
                "snapshot_id": "snap-0d23d5b449507c8f8",
                "throughput": 125,
                "volume_size": 8,
                "volume_type": "gp3"
              }
            ],
            "ena_support": true,
            "ephemeral_block_device": [
              {
                "device_name": "/dev/sdb",
                "virtual_name": "ephemeral0"
              },
              {
                "device_name": "/dev/sdc",
                "virtual_name": "ephemeral1"
              }
            ],
            "hypervisor": "xen",
            "id": "ami-0843139797d7121de",
            "image_location": "339712823657/RSI-TEST",
            "image_owner_alias": "",
            "image_type": "machine",
            "imds_support": "v2.0",
            "kernel_id": "",
            "manage_ebs_snapshots": true,
            "name": "RSI-TEST",
            "owner_id": "339712823657",
            "platform": "",
            "platform_details": "Linux/UNIX",
            "public": false,
            "ramdisk_id": "",
            "root_device_name": "/dev/sda1",
            "root_snapshot_id": "snap-0d23d5b449507c8f8",
            "snapshot_without_reboot": null,
            "source_instance_id": "i-0d510fb661a6826a6",
            "sriov_net_support": "simple",
            "tags": null,
            "tags_all": {},
            "timeouts": null,
            "tpm_support": "",
            "usage_operation": "RunInstances",
            "virtualization_type": "hvm"
          },
          "sensitive_attributes": [],
          "private": "eyJlMmJmYjczMC1lY2FhLTExZTYtOGY4OC0zNDM2M2JjN2M0YzAiOnsiY3JlYXRlIjoyNDAwMDAwMDAwMDAwLCJkZWxldGUiOjU0MDAwMDAwMDAwMDAsInVwZGF0ZSI6MjQwMDAwMDAwMDAwMH19",
          "dependencies": [
            "data.aws_key_pair.this",
            "module.ECSInstanceRole.aws_iam_instance_profile.this",
            "module.ECSInstanceRole.aws_iam_role.this",
            "module.ECSInstanceRole.aws_iam_role_policy_attachment.this",
            "module.ECSRole.aws_iam_role.this",
            "module.ec2.aws_instance.this",
            "null_resource.ansible_provisioner"
          ]
        }
      ]
    },
    {
      "module": "module.cluster",
      "mode": "data",
      "type": "aws_iam_policy_document",
      "name": "assume_role_policy",
      "provider": "provider[\"registry.terraform.io/hashicorp/aws\"]",
      "instances": [
        {
          "schema_version": 0,
          "attributes": {
            "id": "1077804475",
            "json": "{\n  \"Version\": \"2012-10-17\",\n  \"Statement\": [\n    {\n      \"Effect\": \"Allow\",\n      \"Action\": \"sts:AssumeRole\",\n      \"Principal\": {\n        \"Service\": \"ecs-tasks.amazonaws.com\"\n      }\n    }\n  ]\n}",
            "minified_json": "{\"Version\":\"2012-10-17\",\"Statement\":[{\"Effect\":\"Allow\",\"Action\":\"sts:AssumeRole\",\"Principal\":{\"Service\":\"ecs-tasks.amazonaws.com\"}}]}",
            "override_json": null,
            "override_policy_documents": null,
            "policy_id": null,
            "source_json": null,
            "source_policy_documents": null,
            "statement": [
              {
                "actions": [
                  "sts:AssumeRole"
                ],
                "condition": [],
                "effect": "Allow",
                "not_actions": [],
                "not_principals": [],
                "not_resources": [],
                "principals": [
                  {
                    "identifiers": [
                      "ecs-tasks.amazonaws.com"
                    ],
                    "type": "Service"
                  }
                ],
                "resources": [],
                "sid": ""
              }
            ],
            "version": "2012-10-17"
          },
          "sensitive_attributes": []
        }
      ]
    },
    {
      "module": "module.cluster",
      "mode": "managed",
      "type": "aws_ecs_cluster",
      "name": "this",
      "provider": "provider[\"registry.terraform.io/hashicorp/aws\"]",
      "instances": [
        {
          "schema_version": 0,
          "attributes": {
            "arn": "arn:aws:ecs:ap-southeast-1:339712823657:cluster/RSICORP",
            "configuration": [],
            "id": "arn:aws:ecs:ap-southeast-1:339712823657:cluster/RSICORP",
            "name": "RSICORP",
            "service_connect_defaults": [],
            "setting": [
              {
                "name": "containerInsights",
                "value": "disabled"
              }
            ],
            "tags": null,
            "tags_all": {}
          },
          "sensitive_attributes": [],
          "private": "bnVsbA=="
        }
      ]
    },
    {
      "module": "module.ec2",
      "mode": "managed",
      "type": "aws_instance",
      "name": "this",
      "provider": "provider[\"registry.terraform.io/hashicorp/aws\"]",
      "instances": [
        {
          "schema_version": 1,
          "attributes": {
            "ami": "ami-047126e50991d067b",
            "arn": "arn:aws:ec2:ap-southeast-1:339712823657:instance/i-0d510fb661a6826a6",
            "associate_public_ip_address": true,
            "availability_zone": "ap-southeast-1a",
            "capacity_reservation_specification": [
              {
                "capacity_reservation_preference": "open",
                "capacity_reservation_target": []
              }
            ],
            "cpu_core_count": 1,
            "cpu_options": [
              {
                "amd_sev_snp": "",
                "core_count": 1,
                "threads_per_core": 2
              }
            ],
            "cpu_threads_per_core": 2,
            "credit_specification": [
              {
                "cpu_credits": "unlimited"
              }
            ],
            "disable_api_stop": false,
            "disable_api_termination": false,
            "ebs_block_device": [],
            "ebs_optimized": false,
            "enclave_options": [
              {
                "enabled": false
              }
            ],
            "ephemeral_block_device": [],
            "get_password_data": false,
            "hibernation": false,
            "host_id": "",
            "host_resource_group_arn": null,
            "iam_instance_profile": "ECSInstanceRole",
            "id": "i-0d510fb661a6826a6",
            "instance_initiated_shutdown_behavior": "stop",
            "instance_lifecycle": "",
            "instance_market_options": [],
            "instance_state": "running",
            "instance_type": "t3.medium",
            "ipv6_address_count": 0,
            "ipv6_addresses": [],
            "key_name": "provisioner-key.pub",
            "launch_template": [],
            "maintenance_options": [
              {
                "auto_recovery": "default"
              }
            ],
            "metadata_options": [
              {
                "http_endpoint": "enabled",
                "http_protocol_ipv6": "disabled",
                "http_put_response_hop_limit": 2,
                "http_tokens": "required",
                "instance_metadata_tags": "disabled"
              }
            ],
            "monitoring": false,
            "network_interface": [],
            "outpost_arn": "",
            "password_data": "",
            "placement_group": "",
            "placement_partition_number": 0,
            "primary_network_interface_id": "eni-09f4ed748d26b1dbc",
            "private_dns": "ip-10-0-25-189.ap-southeast-1.compute.internal",
            "private_dns_name_options": [
              {
                "enable_resource_name_dns_a_record": false,
                "enable_resource_name_dns_aaaa_record": false,
                "hostname_type": "ip-name"
              }
            ],
            "private_ip": "10.0.25.189",
            "public_dns": "ec2-47-129-217-115.ap-southeast-1.compute.amazonaws.com",
            "public_ip": "47.129.217.115",
            "root_block_device": [
              {
                "delete_on_termination": true,
                "device_name": "/dev/sda1",
                "encrypted": false,
                "iops": 3000,
                "kms_key_id": "",
                "tags": {},
                "tags_all": {},
                "throughput": 125,
                "volume_id": "vol-0f7b5d852bfe8911a",
                "volume_size": 8,
                "volume_type": "gp3"
              }
            ],
            "secondary_private_ips": [],
            "security_groups": [],
            "source_dest_check": true,
            "spot_instance_request_id": "",
            "subnet_id": "subnet-02d8d1547fa8809fb",
            "tags": {
              "Created-by": "terraform-jmr",
              "Environment": "PRODUCTION",
              "Name": "ECS-AGENT-RSI",
              "Release": "latest"
            },
            "tags_all": {
              "Created-by": "terraform-jmr",
              "Environment": "PRODUCTION",
              "Name": "ECS-AGENT-RSI",
              "Release": "latest"
            },
            "tenancy": "default",
            "timeouts": null,
            "user_data": null,
            "user_data_base64": null,
            "user_data_replace_on_change": false,
            "volume_tags": null,
            "vpc_security_group_ids": [
              "sg-042e64ebe3b742999"
            ]
          },
          "sensitive_attributes": [],
          "private": "eyJlMmJmYjczMC1lY2FhLTExZTYtOGY4OC0zNDM2M2JjN2M0YzAiOnsiY3JlYXRlIjo2MDAwMDAwMDAwMDAsImRlbGV0ZSI6MTIwMDAwMDAwMDAwMCwicmVhZCI6OTAwMDAwMDAwMDAwLCJ1cGRhdGUiOjYwMDAwMDAwMDAwMH0sInNjaGVtYV92ZXJzaW9uIjoiMSJ9",
          "dependencies": [
            "data.aws_key_pair.this",
            "module.ECSInstanceRole.aws_iam_instance_profile.this",
            "module.ECSInstanceRole.aws_iam_role.this",
            "module.ECSInstanceRole.aws_iam_role_policy_attachment.this",
            "module.ECSRole.aws_iam_role.this"
          ]
        }
      ]
    },
    {
      "module": "module.launch_template",
      "mode": "managed",
      "type": "aws_launch_template",
      "name": "example_launch_template",
      "provider": "provider[\"registry.terraform.io/hashicorp/aws\"]",
      "instances": [
        {
          "schema_version": 0,
          "attributes": {
            "arn": "arn:aws:ec2:ap-southeast-1:339712823657:launch-template/lt-0192d85de71b793b9",
            "block_device_mappings": [
              {
                "device_name": "/dev/sda1",
                "ebs": [
                  {
                    "delete_on_termination": "",
                    "encrypted": "",
                    "iops": 0,
                    "kms_key_id": "",
                    "snapshot_id": "",
                    "throughput": 0,
                    "volume_size": 8,
                    "volume_type": "gp3"
                  }
                ],
                "no_device": "",
                "virtual_name": ""
              }
            ],
            "capacity_reservation_specification": [],
            "cpu_options": [],
            "credit_specification": [],
            "default_version": 1,
            "description": "",
            "disable_api_stop": false,
            "disable_api_termination": false,
            "ebs_optimized": "",
            "elastic_gpu_specifications": [],
            "elastic_inference_accelerator": [],
            "enclave_options": [],
            "hibernation_options": [],
            "iam_instance_profile": [],
            "id": "lt-0192d85de71b793b9",
            "image_id": "ami-0843139797d7121de",
            "instance_initiated_shutdown_behavior": "",
            "instance_market_options": [],
            "instance_requirements": [],
            "instance_type": "t3.medium",
            "kernel_id": "",
            "key_name": "provisioner-key.pub",
            "latest_version": 1,
            "license_specification": [],
            "maintenance_options": [],
            "metadata_options": [],
            "monitoring": [],
            "name": "test-rsi-20241010113830355500000006",
            "name_prefix": "test-rsi-",
            "network_interfaces": [
              {
                "associate_carrier_ip_address": "",
                "associate_public_ip_address": "true",
                "delete_on_termination": "",
                "description": "",
                "device_index": 0,
                "interface_type": "",
                "ipv4_address_count": 0,
                "ipv4_addresses": null,
                "ipv4_prefix_count": 0,
                "ipv4_prefixes": null,
                "ipv6_address_count": 0,
                "ipv6_addresses": null,
                "ipv6_prefix_count": 0,
                "ipv6_prefixes": null,
                "network_card_index": 0,
                "network_interface_id": "",
                "primary_ipv6": "",
                "private_ip_address": "",
                "security_groups": [
                  "sg-042e64ebe3b742999"
                ],
                "subnet_id": "subnet-02d8d1547fa8809fb"
              }
            ],
            "placement": [],
            "private_dns_name_options": [],
            "ram_disk_id": "",
            "security_group_names": null,
            "tag_specifications": [],
            "tags": {
              "Name": "ECS-AGENT-RSI"
            },
            "tags_all": {
              "Name": "ECS-AGENT-RSI"
            },
            "update_default_version": null,
            "user_data": "",
            "vpc_security_group_ids": null
          },
          "sensitive_attributes": [],
          "private": "bnVsbA==",
          "dependencies": [
            "data.aws_key_pair.this",
            "module.ECSInstanceRole.aws_iam_instance_profile.this",
            "module.ECSInstanceRole.aws_iam_role.this",
            "module.ECSInstanceRole.aws_iam_role_policy_attachment.this",
            "module.ECSRole.aws_iam_role.this",
            "module.ami_from_instance.aws_ami_from_instance.this",
            "module.ec2.aws_instance.this",
            "null_resource.ansible_provisioner"
          ]
        }
      ]
    },
    {
      "module": "module.load_balancer",
      "mode": "managed",
      "type": "aws_lb",
      "name": "this",
      "provider": "provider[\"registry.terraform.io/hashicorp/aws\"]",
      "instances": [
        {
          "status": "tainted",
          "schema_version": 0,
          "attributes": {
            "access_logs": [
              {
                "bucket": "",
                "enabled": false,
                "prefix": ""
              }
            ],
            "arn": null,
            "arn_suffix": null,
            "client_keep_alive": 3600,
            "connection_logs": [],
            "customer_owned_ipv4_pool": null,
            "desync_mitigation_mode": "defensive",
            "dns_name": null,
            "dns_record_client_routing_policy": null,
            "drop_invalid_header_fields": false,
            "enable_cross_zone_load_balancing": null,
            "enable_deletion_protection": false,
            "enable_http2": true,
            "enable_tls_version_and_cipher_suite_headers": false,
            "enable_waf_fail_open": false,
            "enable_xff_client_port": false,
            "enforce_security_group_inbound_rules_on_private_link_traffic": null,
            "id": "arn:aws:elasticloadbalancing:ap-southeast-1:339712823657:loadbalancer/app/ECSALB/ceb6e80731b31ec6",
            "idle_timeout": 60,
            "internal": false,
            "ip_address_type": null,
            "load_balancer_type": "application",
            "name": "ECSALB",
            "name_prefix": null,
            "preserve_host_header": false,
            "security_groups": [
              "sg-042e64ebe3b742999"
            ],
            "subnet_mapping": [],
            "subnets": [
              "subnet-02d8d1547fa8809fb",
              "subnet-0d6ab3417d69ea663",
              "subnet-0e136939d173521a8"
            ],
            "tags": {
              "name": ""
            },
            "tags_all": null,
            "timeouts": null,
            "vpc_id": null,
            "xff_header_processing_mode": "append",
            "zone_id": null
          },
          "sensitive_attributes": [],
          "private": "eyJlMmJmYjczMC1lY2FhLTExZTYtOGY4OC0zNDM2M2JjN2M0YzAiOnsiY3JlYXRlIjo2MDAwMDAwMDAwMDAsImRlbGV0ZSI6NjAwMDAwMDAwMDAwLCJ1cGRhdGUiOjYwMDAwMDAwMDAwMH19",
          "dependencies": [
            "data.aws_key_pair.this",
            "data.aws_security_group.this",
            "data.aws_subnets.selected",
            "module.ECSInstanceRole.aws_iam_instance_profile.this",
            "module.ECSInstanceRole.aws_iam_role.this",
            "module.ECSInstanceRole.aws_iam_role_policy_attachment.this",
            "module.ECSRole.aws_iam_role.this",
            "module.ami_from_instance.aws_ami_from_instance.this",
            "module.ec2.aws_instance.this",
            "module.launch_template.aws_launch_template.example_launch_template",
            "null_resource.ansible_provisioner"
          ]
        }
      ]
    },
    {
      "module": "module.target_group",
      "mode": "managed",
      "type": "aws_lb_target_group",
      "name": "this",
      "provider": "provider[\"registry.terraform.io/hashicorp/aws\"]",
      "instances": [
        {
          "schema_version": 0,
          "attributes": {
            "arn": "arn:aws:elasticloadbalancing:ap-southeast-1:339712823657:targetgroup/ECSTARGETGROUP/970f7809d0d7117b",
            "arn_suffix": "targetgroup/ECSTARGETGROUP/970f7809d0d7117b",
            "connection_termination": null,
            "deregistration_delay": "300",
            "health_check": [
              {
                "enabled": true,
                "healthy_threshold": 5,
                "interval": 30,
                "matcher": "200",
                "path": "/",
                "port": "traffic-port",
                "protocol": "HTTP",
                "timeout": 5,
                "unhealthy_threshold": 2
              }
            ],
            "id": "arn:aws:elasticloadbalancing:ap-southeast-1:339712823657:targetgroup/ECSTARGETGROUP/970f7809d0d7117b",
            "ip_address_type": "ipv4",
            "lambda_multi_value_headers_enabled": false,
            "load_balancer_arns": [],
            "load_balancing_algorithm_type": "round_robin",
            "load_balancing_anomaly_mitigation": "off",
            "load_balancing_cross_zone_enabled": "use_load_balancer_configuration",
            "name": "ECSTARGETGROUP",
            "name_prefix": "",
            "port": 80,
            "preserve_client_ip": null,
            "protocol": "HTTP",
            "protocol_version": "HTTP1",
            "proxy_protocol_v2": false,
            "slow_start": 0,
            "stickiness": [
              {
                "cookie_duration": 86400,
                "cookie_name": "",
                "enabled": false,
                "type": "lb_cookie"
              }
            ],
            "tags": null,
            "tags_all": {},
            "target_failover": [
              {
                "on_deregistration": null,
                "on_unhealthy": null
              }
            ],
            "target_group_health": [
              {
                "dns_failover": [
                  {
                    "minimum_healthy_targets_count": "1",
                    "minimum_healthy_targets_percentage": "off"
                  }
                ],
                "unhealthy_state_routing": [
                  {
                    "minimum_healthy_targets_count": 1,
                    "minimum_healthy_targets_percentage": "off"
                  }
                ]
              }
            ],
            "target_health_state": [
              {
                "enable_unhealthy_connection_termination": null,
                "unhealthy_draining_interval": null
              }
            ],
            "target_type": "instance",
            "vpc_id": "vpc-07db9ba85ca18e47e"
          },
          "sensitive_attributes": [],
          "private": "bnVsbA==",
          "dependencies": [
            "data.aws_key_pair.this",
            "data.aws_vpc.selected",
            "module.ECSInstanceRole.aws_iam_instance_profile.this",
            "module.ECSInstanceRole.aws_iam_role.this",
            "module.ECSInstanceRole.aws_iam_role_policy_attachment.this",
            "module.ECSRole.aws_iam_role.this",
            "module.ami_from_instance.aws_ami_from_instance.this",
            "module.ec2.aws_instance.this",
            "module.launch_template.aws_launch_template.example_launch_template",
            "null_resource.ansible_provisioner"
          ]
        }
      ]
    },
    {
      "module": "module.target_group",
      "mode": "managed",
      "type": "aws_lb_target_group_attachment",
      "name": "this",
      "provider": "provider[\"registry.terraform.io/hashicorp/aws\"]",
      "instances": [
        {
          "schema_version": 0,
          "attributes": {
            "availability_zone": null,
            "id": "arn:aws:elasticloadbalancing:ap-southeast-1:339712823657:targetgroup/ECSTARGETGROUP/970f7809d0d7117b-20241010113832016900000009",
            "port": 80,
            "target_group_arn": "arn:aws:elasticloadbalancing:ap-southeast-1:339712823657:targetgroup/ECSTARGETGROUP/970f7809d0d7117b",
            "target_id": "i-0d510fb661a6826a6"
          },
          "sensitive_attributes": [],
          "private": "bnVsbA==",
          "dependencies": [
            "data.aws_key_pair.this",
            "data.aws_vpc.selected",
            "module.ECSInstanceRole.aws_iam_instance_profile.this",
            "module.ECSInstanceRole.aws_iam_role.this",
            "module.ECSInstanceRole.aws_iam_role_policy_attachment.this",
            "module.ECSRole.aws_iam_role.this",
            "module.ami_from_instance.aws_ami_from_instance.this",
            "module.ec2.aws_instance.this",
            "module.launch_template.aws_launch_template.example_launch_template",
            "module.target_group.aws_lb_target_group.this",
            "null_resource.ansible_provisioner"
          ]
        }
      ]
    },
    {
      "module": "module.td",
      "mode": "managed",
      "type": "aws_ecs_task_definition",
      "name": "this",
      "provider": "provider[\"registry.terraform.io/hashicorp/aws\"]",
      "instances": [
        {
          "schema_version": 1,
          "attributes": {
            "arn": "arn:aws:ecs:ap-southeast-1:339712823657:task-definition/rsi-corp-td:23",
            "arn_without_revision": "arn:aws:ecs:ap-southeast-1:339712823657:task-definition/rsi-corp-td",
            "container_definitions": "[{\"cpu\":1024,\"environment\":[],\"environmentFiles\":[{\"type\":\"s3\",\"value\":\"arn:aws:s3:::rsi-corp-higher/.env\"}],\"essential\":true,\"image\":\"339712823657.dkr.ecr.ap-southeast-1.amazonaws.com/stg-rhodochrosite-admin-api:stg-build-28\",\"logConfiguration\":{\"logDriver\":\"awslogs\",\"options\":{\"awslogs-group\":\"/ecs/rsi-corp-td\",\"mode\":\"non-blocking\",\"awslogs-create-group\":\"true\",\"max-buffer-size\":\"25m\",\"awslogs-region\":\"ap-southeast-1\",\"awslogs-stream-prefix\":\"ecs\"},\"secretOptions\":[]},\"mountPoints\":[],\"name\":\"rsi-corp-app\",\"portMappings\":[{\"appProtocol\":\"http\",\"containerPort\":8080,\"hostPort\":8080,\"name\":\"rsi-corp-app-8080-tcp\",\"protocol\":\"tcp\"}],\"systemControls\":[],\"ulimits\":[],\"volumesFrom\":[],\"workingDirectory\":\"/var/www/html\"}]",
            "cpu": "1024",
            "ephemeral_storage": [],
            "execution_role_arn": "arn:aws:iam::339712823657:role/ECSTaskExecutionRole",
            "family": "rsi-corp-td",
            "id": "rsi-corp-td",
            "inference_accelerator": [],
            "ipc_mode": "",
            "memory": "512",
            "network_mode": "bridge",
            "pid_mode": "",
            "placement_constraints": [],
            "proxy_configuration": [],
            "requires_compatibilities": [
              "EC2"
            ],
            "revision": 23,
            "runtime_platform": [],
            "skip_destroy": false,
            "tags": null,
            "tags_all": {},
            "task_role_arn": "",
            "track_latest": false,
            "volume": [
              {
                "configure_at_launch": false,
                "docker_volume_configuration": [],
                "efs_volume_configuration": [],
                "fsx_windows_file_server_volume_configuration": [],
                "host_path": "/ecs/service-storage",
                "name": "service-storage"
              }
            ]
          },
          "sensitive_attributes": [],
          "private": "eyJzY2hlbWFfdmVyc2lvbiI6IjEifQ==",
          "dependencies": [
            "module.ECSTaskExecutionRole.aws_iam_role.this"
          ]
        }
      ]
    }
  ],
  "check_results": null
}
