{
  "version": 4,
  "terraform_version": "1.7.0",
  "serial": 182,
  "lineage": "df481a93-241f-0df9-1532-bf8c2311c944",
  "outputs": {},
  "resources": [
    {
      "mode": "data",
      "type": "local_file",
      "name": "inline-policy",
      "provider": "provider[\"registry.terraform.io/hashicorp/local\"]",
      "instances": [
        {
          "schema_version": 0,
          "attributes": {
            "content": "{\n\t\"Version\": \"2012-10-17\",\n\t\"Statement\": [\n\t\t{\n\t\t\t\"Sid\": \"Statement1\",\n\t\t\t\"Effect\": \"Allow\",\n\t\t\t\"Action\": [\n\t\t\t\t\"ecs:*\"\n\t\t\t],\n\t\t\t\"Resource\": [\"*\"]\n\t\t}\n\t]\n}",
            "content_base64": "ewoJIlZlcnNpb24iOiAiMjAxMi0xMC0xNyIsCgkiU3RhdGVtZW50IjogWwoJCXsKCQkJIlNpZCI6ICJTdGF0ZW1lbnQxIiwKCQkJIkVmZmVjdCI6ICJBbGxvdyIsCgkJCSJBY3Rpb24iOiBbCgkJCQkiZWNzOioiCgkJCV0sCgkJCSJSZXNvdXJjZSI6IFsiKiJdCgkJfQoJXQp9",
            "content_base64sha256": "9tJv1icAfhFjS0xgPd5TehOGToMBbPQV6lnfz1+ptLI=",
            "content_base64sha512": "5Q0sCG4n39HmhUghJbJZ+49xZXFyOax4lDP4ClZIE/3917ZWnukRnsp7SDmiL4PTcRsGYrcvECVUQ8KVTmbIrg==",
            "content_md5": "e18e33cffad924fa7bf9aa2f7e182aa4",
            "content_sha1": "51d2d9a101b304a4bb510f90ad508255e6cb3b3b",
            "content_sha256": "f6d26fd627007e11634b4c603dde537a13864e83016cf415ea59dfcf5fa9b4b2",
            "content_sha512": "e50d2c086e27dfd1e685482125b259fb8f7165717239ac789433f80a564813fdfdd7b6569ee9119eca7b4839a22f83d3711b0662b72f10255443c2954e66c8ae",
            "filename": "./inline-policy.json",
            "id": "51d2d9a101b304a4bb510f90ad508255e6cb3b3b"
          },
          "sensitive_attributes": []
        }
      ]
    },
    {
      "mode": "data",
      "type": "local_file",
      "name": "policy",
      "provider": "provider[\"registry.terraform.io/hashicorp/local\"]",
      "instances": [
        {
          "schema_version": 0,
          "attributes": {
            "content": "{\n    \"Version\": \"2012-10-17\",\n    \"Statement\": [\n      {\n        \"Action\": \"sts:AssumeRole\",\n        \"Effect\": \"Allow\",\n        \"Sid\": \"\",\n        \"Principal\": {\n          \"Service\": \"ec2.amazonaws.com\"\n        }\n      }\n    ]\n  }",
            "content_base64": "ewogICAgIlZlcnNpb24iOiAiMjAxMi0xMC0xNyIsCiAgICAiU3RhdGVtZW50IjogWwogICAgICB7CiAgICAgICAgIkFjdGlvbiI6ICJzdHM6QXNzdW1lUm9sZSIsCiAgICAgICAgIkVmZmVjdCI6ICJBbGxvdyIsCiAgICAgICAgIlNpZCI6ICIiLAogICAgICAgICJQcmluY2lwYWwiOiB7CiAgICAgICAgICAiU2VydmljZSI6ICJlYzIuYW1hem9uYXdzLmNvbSIKICAgICAgICB9CiAgICAgIH0KICAgIF0KICB9",
            "content_base64sha256": "rUUfplKv+1W413HbrNdMq3SrqCFu5yIu2aGBM6c/xJs=",
            "content_base64sha512": "g5yMhBs7a7yFLfhAzPgmoz+gwixC8IfI+uZ+0WOqjIeNXgQ6ZnwUptJFOF/CPm6S3pgUKhAuKKX0vByCacNjPA==",
            "content_md5": "02d75688d816b2ea9a252e21097b9cf5",
            "content_sha1": "c4e2f9ee473da4a5c70e3eaff2a09000c8167e0d",
            "content_sha256": "ad451fa652affb55b8d771dbacd74cab74aba8216ee7222ed9a18133a73fc49b",
            "content_sha512": "839c8c841b3b6bbc852df840ccf826a33fa0c22c42f087c8fae67ed163aa8c878d5e043a667c14a6d245385fc23e6e92de98142a102e28a5f4bc1c8269c3633c",
            "filename": "./policy.json",
            "id": "c4e2f9ee473da4a5c70e3eaff2a09000c8167e0d"
          },
          "sensitive_attributes": []
        }
      ]
    },
    {
      "module": "module.rsi-corp",
      "mode": "data",
      "type": "aws_iam_policy_document",
      "name": "assume_role_policy",
      "provider": "provider[\"registry.terraform.io/hashicorp/aws\"]",
      "instances": [
        {
          "schema_version": 0,
          "attributes": {
            "id": "1077804475",
            "json": "{\n  \"Version\": \"2012-10-17\",\n  \"Statement\": [\n    {\n      \"Effect\": \"Allow\",\n      \"Action\": \"sts:AssumeRole\",\n      \"Principal\": {\n        \"Service\": \"ecs-tasks.amazonaws.com\"\n      }\n    }\n  ]\n}",
            "minified_json": "{\"Version\":\"2012-10-17\",\"Statement\":[{\"Effect\":\"Allow\",\"Action\":\"sts:AssumeRole\",\"Principal\":{\"Service\":\"ecs-tasks.amazonaws.com\"}}]}",
            "override_json": null,
            "override_policy_documents": null,
            "policy_id": null,
            "source_json": null,
            "source_policy_documents": null,
            "statement": [
              {
                "actions": [
                  "sts:AssumeRole"
                ],
                "condition": [],
                "effect": "Allow",
                "not_actions": [],
                "not_principals": [],
                "not_resources": [],
                "principals": [
                  {
                    "identifiers": [
                      "ecs-tasks.amazonaws.com"
                    ],
                    "type": "Service"
                  }
                ],
                "resources": [],
                "sid": ""
              }
            ],
            "version": "2012-10-17"
          },
          "sensitive_attributes": []
        }
      ]
    },
    {
      "module": "module.rsi-corp",
      "mode": "managed",
      "type": "aws_ecs_cluster",
      "name": "app_cluster_name",
      "provider": "provider[\"registry.terraform.io/hashicorp/aws\"]",
      "instances": [
        {
          "schema_version": 0,
          "attributes": {
            "arn": "arn:aws:ecs:ap-southeast-1:891377256846:cluster/test",
            "configuration": [],
            "id": "arn:aws:ecs:ap-southeast-1:891377256846:cluster/test",
            "name": "test",
            "service_connect_defaults": [],
            "setting": [
              {
                "name": "containerInsights",
                "value": "disabled"
              }
            ],
            "tags": {},
            "tags_all": {}
          },
          "sensitive_attributes": [],
          "private": "bnVsbA=="
        }
      ]
    },
    {
      "module": "module.rsi-corp",
      "mode": "managed",
      "type": "aws_ecs_cluster_capacity_providers",
      "name": "app_cluster_name",
      "provider": "provider[\"registry.terraform.io/hashicorp/aws\"]",
      "instances": [
        {
          "schema_version": 0,
          "attributes": {
            "capacity_providers": [
              "FARGATE"
            ],
            "cluster_name": "test",
            "default_capacity_provider_strategy": [
              {
                "base": 1,
                "capacity_provider": "FARGATE",
                "weight": 100
              }
            ],
            "id": "test"
          },
          "sensitive_attributes": [],
          "private": "bnVsbA==",
          "dependencies": [
            "module.rsi-corp.aws_ecs_cluster.app_cluster_name"
          ]
        }
      ]
    },
    {
      "module": "module.rsi-sg",
      "mode": "managed",
      "type": "aws_security_group",
      "name": "ec2_sg",
      "provider": "provider[\"registry.terraform.io/hashicorp/aws\"]",
      "instances": [
        {
          "schema_version": 1,
          "attributes": {
            "arn": "arn:aws:ec2:ap-southeast-1:891377256846:security-group/sg-0fd4a4a6ed9802315",
            "description": "Managed by Terraform",
            "egress": [
              {
                "cidr_blocks": [
                  "0.0.0.0/0"
                ],
                "description": "",
                "from_port": 0,
                "ipv6_cidr_blocks": [],
                "prefix_list_ids": [],
                "protocol": "-1",
                "security_groups": [],
                "self": false,
                "to_port": 0
              }
            ],
            "id": "sg-0fd4a4a6ed9802315",
            "ingress": [
              {
                "cidr_blocks": [
                  "0.0.0.0/0"
                ],
                "description": "",
                "from_port": 3306,
                "ipv6_cidr_blocks": [],
                "prefix_list_ids": [],
                "protocol": "tcp",
                "security_groups": [],
                "self": false,
                "to_port": 3306
              },
              {
                "cidr_blocks": [
                  "0.0.0.0/0"
                ],
                "description": "",
                "from_port": 8080,
                "ipv6_cidr_blocks": [],
                "prefix_list_ids": [],
                "protocol": "tcp",
                "security_groups": [],
                "self": false,
                "to_port": 8085
              }
            ],
            "name": "RSI-SG",
            "name_prefix": "",
            "owner_id": "891377256846",
            "revoke_rules_on_delete": false,
            "tags": {
              "Created-by": "jmarvinr",
              "Environment": "staging",
              "Name": "RSI-SG",
              "Release": "latest"
            },
            "tags_all": {
              "Created-by": "jmarvinr",
              "Environment": "staging",
              "Name": "RSI-SG",
              "Release": "latest"
            },
            "timeouts": null,
            "vpc_id": "vpc-06df8de0fe3cdebaa"
          },
          "sensitive_attributes": [],
          "private": "eyJlMmJmYjczMC1lY2FhLTExZTYtOGY4OC0zNDM2M2JjN2M0YzAiOnsiY3JlYXRlIjo2MDAwMDAwMDAwMDAsImRlbGV0ZSI6OTAwMDAwMDAwMDAwfSwic2NoZW1hX3ZlcnNpb24iOiIxIn0="
        }
      ]
    },
    {
      "module": "module.rsi-sg",
      "mode": "managed",
      "type": "aws_security_group_rule",
      "name": "egress",
      "provider": "provider[\"registry.terraform.io/hashicorp/aws\"]",
      "instances": [
        {
          "index_key": "0",
          "schema_version": 2,
          "attributes": {
            "cidr_blocks": [
              "0.0.0.0/0"
            ],
            "description": "",
            "from_port": 0,
            "id": "sgrule-2901853439",
            "ipv6_cidr_blocks": null,
            "prefix_list_ids": null,
            "protocol": "-1",
            "security_group_id": "sg-0fd4a4a6ed9802315",
            "security_group_rule_id": "sgr-03470512d5dca233e",
            "self": false,
            "source_security_group_id": null,
            "timeouts": null,
            "to_port": 0,
            "type": "egress"
          },
          "sensitive_attributes": [],
          "private": "eyJlMmJmYjczMC1lY2FhLTExZTYtOGY4OC0zNDM2M2JjN2M0YzAiOnsiY3JlYXRlIjozMDAwMDAwMDAwMDB9LCJzY2hlbWFfdmVyc2lvbiI6IjIifQ==",
          "dependencies": [
            "module.rsi-sg.aws_security_group.ec2_sg"
          ]
        }
      ]
    },
    {
      "module": "module.rsi-sg",
      "mode": "managed",
      "type": "aws_security_group_rule",
      "name": "ingress",
      "provider": "provider[\"registry.terraform.io/hashicorp/aws\"]",
      "instances": [
        {
          "index_key": "0",
          "schema_version": 2,
          "attributes": {
            "cidr_blocks": [
              "0.0.0.0/0"
            ],
            "description": "",
            "from_port": 8080,
            "id": "sgrule-2679423480",
            "ipv6_cidr_blocks": null,
            "prefix_list_ids": null,
            "protocol": "tcp",
            "security_group_id": "sg-0fd4a4a6ed9802315",
            "security_group_rule_id": "sgr-0ec6b10ae82311c61",
            "self": false,
            "source_security_group_id": null,
            "timeouts": null,
            "to_port": 8085,
            "type": "ingress"
          },
          "sensitive_attributes": [],
          "private": "eyJlMmJmYjczMC1lY2FhLTExZTYtOGY4OC0zNDM2M2JjN2M0YzAiOnsiY3JlYXRlIjozMDAwMDAwMDAwMDB9LCJzY2hlbWFfdmVyc2lvbiI6IjIifQ==",
          "dependencies": [
            "module.rsi-sg.aws_security_group.ec2_sg"
          ]
        },
        {
          "index_key": "1",
          "schema_version": 2,
          "attributes": {
            "cidr_blocks": [
              "0.0.0.0/0"
            ],
            "description": "",
            "from_port": 3306,
            "id": "sgrule-4174653142",
            "ipv6_cidr_blocks": null,
            "prefix_list_ids": null,
            "protocol": "tcp",
            "security_group_id": "sg-0fd4a4a6ed9802315",
            "security_group_rule_id": "sgr-0e3c5b0667b3dd2a3",
            "self": false,
            "source_security_group_id": null,
            "timeouts": null,
            "to_port": 3306,
            "type": "ingress"
          },
          "sensitive_attributes": [],
          "private": "eyJlMmJmYjczMC1lY2FhLTExZTYtOGY4OC0zNDM2M2JjN2M0YzAiOnsiY3JlYXRlIjozMDAwMDAwMDAwMDB9LCJzY2hlbWFfdmVyc2lvbiI6IjIifQ==",
          "dependencies": [
            "module.rsi-sg.aws_security_group.ec2_sg"
          ]
        }
      ]
    }
  ],
  "check_results": null
}
